{
  "lockfile-version": 1,
  "manifest": {
    "schema-version": "1.13.0",
    "install": {
      "hello": {
        "pkg-path": "hello"
      }
    },
    "options": {}
  },
  "packages": [
    {
      "attr_path": "hello",
      "broken": false,
      "derivation": "/nix/store/r77jznkw60xvqjzs3jvd1dn54pxcqs68-hello-2.12.3.drv",
      "description": "Program that produces a familiar, friendly greeting",
      "install_id": "hello",
      "license": "GPL-3.0-or-later",
      "locked_url": "https://github.com/flox/nixpkgs?rev=567a49d1913ce81ac6e9582e3553dd90a955875f",
      "name": "hello-2.12.3",
      "pname": "hello",
      "rev": "567a49d1913ce81ac6e9582e3553dd90a955875f",
      "rev_count": 1017464,
      "rev_date": "2026-06-16T02:33:49Z",
      "scrape_date": "2026-06-17T03:13:29.787039Z",
      "stabilities": [
        "staging",
        "unstable"
      ],
      "unfree": false,
      "version": "2.12.3",
      "outputs_to_install": [
        "out",
        "out"
      ],
      "outputs": {
        "out": "/nix/store/0wgbcxqvngwz6irw1b5sscw8j7g3zi91-hello-2.12.3"
      },
      "system": "aarch64-darwin",
      "group": "toplevel",
      "priority": 5
    },
    {
      "attr_path": "hello",
      "broken": false,
      "derivation": "/nix/store/xk4anakg1b1ipgfm2ywqampqzjkfwqa1-hello-2.12.3.drv",
      "description": "Program that produces a familiar, friendly greeting",
      "install_id": "hello",
      "license": "GPL-3.0-or-later",
      "locked_url": "https://github.com/flox/nixpkgs?rev=567a49d1913ce81ac6e9582e3553dd90a955875f",
      "name": "hello-2.12.3",
      "pname": "hello",
      "rev": "567a49d1913ce81ac6e9582e3553dd90a955875f",
      "rev_count": 1017464,
      "rev_date": "2026-06-16T02:33:49Z",
      "scrape_date": "2026-06-17T03:44:28.500625Z",
      "stabilities": [
        "staging",
        "unstable"
      ],
      "unfree": false,
      "version": "2.12.3",
      "outputs_to_install": [
        "out"
      ],
      "outputs": {
        "out": "/nix/store/18mrc8i5l3r5xnxrv091x25nsnwa1xzp-hello-2.12.3"
      },
      "system": "aarch64-linux",
      "group": "toplevel",
      "priority": 5
    },
    {
      "attr_path": "hello",
      "broken": false,
      "derivation": "/nix/store/7n833vkrymknayqnjg8x87b7vg2j657c-hello-2.12.3.drv",
      "description": "Program that produces a familiar, friendly greeting",
      "install_id": "hello",
      "license": "GPL-3.0-or-later",
      "locked_url": "https://github.com/flox/nixpkgs?rev=567a49d1913ce81ac6e9582e3553dd90a955875f",
      "name": "hello-2.12.3",
      "pname": "hello",
      "rev": "567a49d1913ce81ac6e9582e3553dd90a955875f",
      "rev_count": 1017464,
      "rev_date": "2026-06-16T02:33:49Z",
      "scrape_date": "2026-06-17T04:13:22.524325Z",
      "stabilities": [
        "staging",
        "unstable"
      ],
      "unfree": false,
      "version": "2.12.3",
      "outputs_to_install": [
        "out"
      ],
      "outputs": {
        "out": "/nix/store/6v52x1r07c0s0l69177dbz9dvzx0yqzc-hello-2.12.3"
      },
      "system": "x86_64-darwin",
      "group": "toplevel",
      "priority": 5
    },
    {
      "attr_path": "hello",
      "broken": false,
      "derivation": "/nix/store/m74651b793zgyyvlk9gx7v1cl1ywslib-hello-2.12.3.drv",
      "description": "Program that produces a familiar, friendly greeting",
      "install_id": "hello",
      "license": "GPL-3.0-or-later",
      "locked_url": "https://github.com/flox/nixpkgs?rev=567a49d1913ce81ac6e9582e3553dd90a955875f",
      "name": "hello-2.12.3",
      "pname": "hello",
      "rev": "567a49d1913ce81ac6e9582e3553dd90a955875f",
      "rev_count": 1017464,
      "rev_date": "2026-06-16T02:33:49Z",
      "scrape_date": "2026-06-17T04:47:25.645804Z",
      "stabilities": [
        "staging",
        "unstable"
      ],
      "unfree": false,
      "version": "2.12.3",
      "outputs_to_install": [
        "out"
      ],
      "outputs": {
        "out": "/nix/store/zi2bj2hlavv8q743li2s9diqbcpmrf9b-hello-2.12.3"
      },
      "system": "x86_64-linux",
      "group": "toplevel",
      "priority": 5
    }
  ]
}
