{
  "lockfile-version": 1,
  "manifest": {
    "schema-version": "1.13.0",
    "install": {
      "gh": {
        "pkg-path": "gh"
      },
      "hello": {
        "pkg-path": "hello"
      },
      "jq": {
        "pkg-path": "jq"
      },
      "tree": {
        "pkg-path": "tree"
      },
      "vim": {
        "pkg-path": "vim"
      },
      "watch": {
        "pkg-path": "watch"
      },
      "wget": {
        "pkg-path": "wget"
      }
    },
    "hook": {
      "on-activate": ""
    },
    "profile": {
      "common": "# symlink the shared .devcontainer into the current directory\n# alias devc='ln -s ~/workspaces/devcontainers/.devcontainer .devcontainer'\n# alias devc-cp='cp -R ~/workspaces/devcontainers/.devcontainer .'\n\ncase \"$(uname -s)\" in\n  Darwin)\n    FLOX_HOST_ICON=\"🍎\"   # macOS — reminder you are NOT in a container\n      ;;\n  Linux)\n    _host=\"$(hostname -s 2>/dev/null || hostname)\"\n    _host=\"$(printf '%s' \"$_host\" | tr '[:upper:]' '[:lower:]')\"\n    case \"$_host\" in\n      ubuntu*) FLOX_HOST_ICON=\"🐧\" ;;   # main container\n      *)       FLOX_HOST_ICON=\"🐧 $_host\" ;; # any other host: full name\n    esac\n    ;;\nesac\n",
      "bash": "  PS1=\"\\[\\033[01;32m\\]${FLOX_HOST_ICON}\\[\\033[00m\\]:\\[\\033[01;34m\\]\\W\\[\\033[00m\\]\\\\$ \"\n",
      "zsh": "  PROMPT=\"%B%F{green}${FLOX_HOST_ICON}%f:%F{blue}%1~%f%b\\$ \"\n"
    },
    "options": {
      "systems": [
        "aarch64-darwin",
        "aarch64-linux",
        "x86_64-linux"
      ]
    }
  },
  "packages": [
    {
      "attr_path": "gh",
      "broken": false,
      "derivation": "/nix/store/0b1rr788bzlh8zmsf25fbhrxjlq9yclp-gh-2.94.0.drv",
      "description": "GitHub CLI tool",
      "install_id": "gh",
      "license": "MIT",
      "locked_url": "https://github.com/flox/nixpkgs?rev=567a49d1913ce81ac6e9582e3553dd90a955875f",
      "name": "gh-2.94.0",
      "pname": "gh",
      "rev": "567a49d1913ce81ac6e9582e3553dd90a955875f",
      "rev_count": 1017464,
      "rev_date": "2026-06-16T02:33:49Z",
      "scrape_date": "2026-06-17T03:13:14.808449Z",
      "stabilities": [
        "staging",
        "unstable"
      ],
      "unfree": false,
      "version": "2.94.0",
      "outputs_to_install": [
        "out"
      ],
      "outputs": {
        "out": "/nix/store/fhnpw0hs0gjms1ha6ap02jq7rx13gkbp-gh-2.94.0"
      },
      "system": "aarch64-darwin",
      "group": "toplevel",
      "priority": 5
    },
    {
      "attr_path": "gh",
      "broken": false,
      "derivation": "/nix/store/5slfl28gq94vb53jnixfrr2hw98fk84p-gh-2.94.0.drv",
      "description": "GitHub CLI tool",
      "install_id": "gh",
      "license": "MIT",
      "locked_url": "https://github.com/flox/nixpkgs?rev=567a49d1913ce81ac6e9582e3553dd90a955875f",
      "name": "gh-2.94.0",
      "pname": "gh",
      "rev": "567a49d1913ce81ac6e9582e3553dd90a955875f",
      "rev_count": 1017464,
      "rev_date": "2026-06-16T02:33:49Z",
      "scrape_date": "2026-06-17T03:44:09.734419Z",
      "stabilities": [
        "staging",
        "unstable"
      ],
      "unfree": false,
      "version": "2.94.0",
      "outputs_to_install": [
        "out",
        "out"
      ],
      "outputs": {
        "out": "/nix/store/7hh2qi0gj2ifbxbl56cjzbiyfc379bji-gh-2.94.0"
      },
      "system": "aarch64-linux",
      "group": "toplevel",
      "priority": 5
    },
    {
      "attr_path": "gh",
      "broken": false,
      "derivation": "/nix/store/czp1r0mb7ks6ag4lacb8pcv705yavfil-gh-2.94.0.drv",
      "description": "GitHub CLI tool",
      "install_id": "gh",
      "license": "MIT",
      "locked_url": "https://github.com/flox/nixpkgs?rev=567a49d1913ce81ac6e9582e3553dd90a955875f",
      "name": "gh-2.94.0",
      "pname": "gh",
      "rev": "567a49d1913ce81ac6e9582e3553dd90a955875f",
      "rev_count": 1017464,
      "rev_date": "2026-06-16T02:33:49Z",
      "scrape_date": "2026-06-17T04:47:05.900645Z",
      "stabilities": [
        "staging",
        "unstable"
      ],
      "unfree": false,
      "version": "2.94.0",
      "outputs_to_install": [
        "out"
      ],
      "outputs": {
        "out": "/nix/store/pidh15szlsb1vc41xdsa3xbdghdazvby-gh-2.94.0"
      },
      "system": "x86_64-linux",
      "group": "toplevel",
      "priority": 5
    },
    {
      "attr_path": "hello",
      "broken": false,
      "derivation": "/nix/store/r77jznkw60xvqjzs3jvd1dn54pxcqs68-hello-2.12.3.drv",
      "description": "Program that produces a familiar, friendly greeting",
      "install_id": "hello",
      "license": "GPL-3.0-or-later",
      "locked_url": "https://github.com/flox/nixpkgs?rev=567a49d1913ce81ac6e9582e3553dd90a955875f",
      "name": "hello-2.12.3",
      "pname": "hello",
      "rev": "567a49d1913ce81ac6e9582e3553dd90a955875f",
      "rev_count": 1017464,
      "rev_date": "2026-06-16T02:33:49Z",
      "scrape_date": "2026-06-17T03:13:29.787039Z",
      "stabilities": [
        "staging",
        "unstable"
      ],
      "unfree": false,
      "version": "2.12.3",
      "outputs_to_install": [
        "out",
        "out"
      ],
      "outputs": {
        "out": "/nix/store/0wgbcxqvngwz6irw1b5sscw8j7g3zi91-hello-2.12.3"
      },
      "system": "aarch64-darwin",
      "group": "toplevel",
      "priority": 5
    },
    {
      "attr_path": "hello",
      "broken": false,
      "derivation": "/nix/store/xk4anakg1b1ipgfm2ywqampqzjkfwqa1-hello-2.12.3.drv",
      "description": "Program that produces a familiar, friendly greeting",
      "install_id": "hello",
      "license": "GPL-3.0-or-later",
      "locked_url": "https://github.com/flox/nixpkgs?rev=567a49d1913ce81ac6e9582e3553dd90a955875f",
      "name": "hello-2.12.3",
      "pname": "hello",
      "rev": "567a49d1913ce81ac6e9582e3553dd90a955875f",
      "rev_count": 1017464,
      "rev_date": "2026-06-16T02:33:49Z",
      "scrape_date": "2026-06-17T03:44:28.500625Z",
      "stabilities": [
        "staging",
        "unstable"
      ],
      "unfree": false,
      "version": "2.12.3",
      "outputs_to_install": [
        "out"
      ],
      "outputs": {
        "out": "/nix/store/18mrc8i5l3r5xnxrv091x25nsnwa1xzp-hello-2.12.3"
      },
      "system": "aarch64-linux",
      "group": "toplevel",
      "priority": 5
    },
    {
      "attr_path": "hello",
      "broken": false,
      "derivation": "/nix/store/m74651b793zgyyvlk9gx7v1cl1ywslib-hello-2.12.3.drv",
      "description": "Program that produces a familiar, friendly greeting",
      "install_id": "hello",
      "license": "GPL-3.0-or-later",
      "locked_url": "https://github.com/flox/nixpkgs?rev=567a49d1913ce81ac6e9582e3553dd90a955875f",
      "name": "hello-2.12.3",
      "pname": "hello",
      "rev": "567a49d1913ce81ac6e9582e3553dd90a955875f",
      "rev_count": 1017464,
      "rev_date": "2026-06-16T02:33:49Z",
      "scrape_date": "2026-06-17T04:47:25.645804Z",
      "stabilities": [
        "staging",
        "unstable"
      ],
      "unfree": false,
      "version": "2.12.3",
      "outputs_to_install": [
        "out"
      ],
      "outputs": {
        "out": "/nix/store/zi2bj2hlavv8q743li2s9diqbcpmrf9b-hello-2.12.3"
      },
      "system": "x86_64-linux",
      "group": "toplevel",
      "priority": 5
    },
    {
      "attr_path": "jq",
      "broken": false,
      "derivation": "/nix/store/bmchk7n1crrqvaw88rk288m1934gwlzq-jq-1.8.1.drv",
      "description": "Lightweight and flexible command-line JSON processor",
      "install_id": "jq",
      "license": "MIT",
      "locked_url": "https://github.com/flox/nixpkgs?rev=567a49d1913ce81ac6e9582e3553dd90a955875f",
      "name": "jq-1.8.1",
      "pname": "jq",
      "rev": "567a49d1913ce81ac6e9582e3553dd90a955875f",
      "rev_count": 1017464,
      "rev_date": "2026-06-16T02:33:49Z",
      "scrape_date": "2026-06-17T03:13:31.265729Z",
      "stabilities": [
        "staging",
        "unstable"
      ],
      "unfree": false,
      "version": "1.8.1",
      "outputs_to_install": [
        "bin",
        "man"
      ],
      "outputs": {
        "bin": "/nix/store/d551vj6hjc2bqiyg8dim6lv1v1xw7841-jq-1.8.1-bin",
        "dev": "/nix/store/dy2cgp8adlm5gl3hkpykcgccv4dlhawb-jq-1.8.1-dev",
        "doc": "/nix/store/afjz34n0jz7a0zjjp6qkvnxqph53ifbw-jq-1.8.1-doc",
        "man": "/nix/store/cyykpwx7q87ryqyhkz4slm163300rzjh-jq-1.8.1-man",
        "out": "/nix/store/yj3m8xi9h48mz4i7732zcwbqbb8bl402-jq-1.8.1"
      },
      "system": "aarch64-darwin",
      "group": "toplevel",
      "priority": 5
    },
    {
      "attr_path": "jq",
      "broken": false,
      "derivation": "/nix/store/rnq1r4544wynnzab3f9rk862lpdlhgpa-jq-1.8.1.drv",
      "description": "Lightweight and flexible command-line JSON processor",
      "install_id": "jq",
      "license": "MIT",
      "locked_url": "https://github.com/flox/nixpkgs?rev=567a49d1913ce81ac6e9582e3553dd90a955875f",
      "name": "jq-1.8.1",
      "pname": "jq",
      "rev": "567a49d1913ce81ac6e9582e3553dd90a955875f",
      "rev_count": 1017464,
      "rev_date": "2026-06-16T02:33:49Z",
      "scrape_date": "2026-06-17T03:44:31.099705Z",
      "stabilities": [
        "staging",
        "unstable"
      ],
      "unfree": false,
      "version": "1.8.1",
      "outputs_to_install": [
        "bin",
        "bin",
        "bin",
        "man",
        "man"
      ],
      "outputs": {
        "bin": "/nix/store/d6mx57dmjq61j69ap45f6fm3jb0lslyc-jq-1.8.1-bin",
        "dev": "/nix/store/qv69wdjr2zd2w6yg5n8lxfn6c8mg4bwf-jq-1.8.1-dev",
        "doc": "/nix/store/fway55wsvvly58sz7zn7vlq68v0q1ig3-jq-1.8.1-doc",
        "man": "/nix/store/bnwzc47h7zhc3zwkjmy4br8jd2ki9pyj-jq-1.8.1-man",
        "out": "/nix/store/6y9n87w9lsk3x0fscm6kfirk3ssc0syr-jq-1.8.1"
      },
      "system": "aarch64-linux",
      "group": "toplevel",
      "priority": 5
    },
    {
      "attr_path": "jq",
      "broken": false,
      "derivation": "/nix/store/pq80zlnpxhzi25ninrrjjl0y1sd90hzk-jq-1.8.1.drv",
      "description": "Lightweight and flexible command-line JSON processor",
      "install_id": "jq",
      "license": "MIT",
      "locked_url": "https://github.com/flox/nixpkgs?rev=567a49d1913ce81ac6e9582e3553dd90a955875f",
      "name": "jq-1.8.1",
      "pname": "jq",
      "rev": "567a49d1913ce81ac6e9582e3553dd90a955875f",
      "rev_count": 1017464,
      "rev_date": "2026-06-16T02:33:49Z",
      "scrape_date": "2026-06-17T04:47:28.480167Z",
      "stabilities": [
        "staging",
        "unstable"
      ],
      "unfree": false,
      "version": "1.8.1",
      "outputs_to_install": [
        "bin",
        "bin",
        "bin",
        "bin",
        "bin",
        "bin",
        "man",
        "man"
      ],
      "outputs": {
        "bin": "/nix/store/s04d6wm3kqjdgr7zdhlk214f6a2291ks-jq-1.8.1-bin",
        "dev": "/nix/store/fmsvbcz2s85pmszdvwp4mhlamiv5lnzg-jq-1.8.1-dev",
        "doc": "/nix/store/hhh2h4x4rhh6qbqa6620bvhz652cgw4m-jq-1.8.1-doc",
        "man": "/nix/store/ncw52xsl5hgplh8csybbp9fli64iw1aq-jq-1.8.1-man",
        "out": "/nix/store/7a1hndk12kz9wwh9sz8hzkkwgxq6rrnk-jq-1.8.1"
      },
      "system": "x86_64-linux",
      "group": "toplevel",
      "priority": 5
    },
    {
      "attr_path": "tree",
      "broken": false,
      "derivation": "/nix/store/pdxqrmikc3w9dzz9iynjc29i4ks05518-tree-2.3.2.drv",
      "description": "Command to produce a depth indented directory listing",
      "install_id": "tree",
      "license": "GPL-2.0-or-later",
      "locked_url": "https://github.com/flox/nixpkgs?rev=567a49d1913ce81ac6e9582e3553dd90a955875f",
      "name": "tree-2.3.2",
      "pname": "tree",
      "rev": "567a49d1913ce81ac6e9582e3553dd90a955875f",
      "rev_count": 1017464,
      "rev_date": "2026-06-16T02:33:49Z",
      "scrape_date": "2026-06-17T03:15:39.418746Z",
      "stabilities": [
        "staging",
        "unstable"
      ],
      "unfree": false,
      "version": "2.3.2",
      "outputs_to_install": [
        "man",
        "out"
      ],
      "outputs": {
        "man": "/nix/store/5bfi9apbcfjwr6y1k0vhshmwfqjyrgm7-tree-2.3.2-man",
        "out": "/nix/store/4v5m3dkxm6q4sbagis3mr7v5c25yv3hh-tree-2.3.2"
      },
      "system": "aarch64-darwin",
      "group": "toplevel",
      "priority": 5
    },
    {
      "attr_path": "tree",
      "broken": false,
      "derivation": "/nix/store/ipasva1rxbc4gbbxl7ccsqcsqp3qr1pw-tree-2.3.2.drv",
      "description": "Command to produce a depth indented directory listing",
      "install_id": "tree",
      "license": "GPL-2.0-or-later",
      "locked_url": "https://github.com/flox/nixpkgs?rev=567a49d1913ce81ac6e9582e3553dd90a955875f",
      "name": "tree-2.3.2",
      "pname": "tree",
      "rev": "567a49d1913ce81ac6e9582e3553dd90a955875f",
      "rev_count": 1017464,
      "rev_date": "2026-06-16T02:33:49Z",
      "scrape_date": "2026-06-17T03:47:16.818575Z",
      "stabilities": [
        "staging",
        "unstable"
      ],
      "unfree": false,
      "version": "2.3.2",
      "outputs_to_install": [
        "man",
        "man",
        "out",
        "out"
      ],
      "outputs": {
        "man": "/nix/store/gwca455fbm8hw7f03qq7b12a4b0p370x-tree-2.3.2-man",
        "out": "/nix/store/xj0kdbbiplb2mgkfzhwccp94kf2dfca3-tree-2.3.2"
      },
      "system": "aarch64-linux",
      "group": "toplevel",
      "priority": 5
    },
    {
      "attr_path": "tree",
      "broken": false,
      "derivation": "/nix/store/z6sbkf0m5mbazz4glafx9w2n2fsc54v9-tree-2.3.2.drv",
      "description": "Command to produce a depth indented directory listing",
      "install_id": "tree",
      "license": "GPL-2.0-or-later",
      "locked_url": "https://github.com/flox/nixpkgs?rev=567a49d1913ce81ac6e9582e3553dd90a955875f",
      "name": "tree-2.3.2",
      "pname": "tree",
      "rev": "567a49d1913ce81ac6e9582e3553dd90a955875f",
      "rev_count": 1017464,
      "rev_date": "2026-06-16T02:33:49Z",
      "scrape_date": "2026-06-17T04:50:19.799361Z",
      "stabilities": [
        "staging",
        "unstable"
      ],
      "unfree": false,
      "version": "2.3.2",
      "outputs_to_install": [
        "man",
        "man",
        "out",
        "out"
      ],
      "outputs": {
        "man": "/nix/store/8grll7fvifsygri9dmkvmj0172p5d4sf-tree-2.3.2-man",
        "out": "/nix/store/2ibrz854pbkhyicbr6yyignvd2rlg4zz-tree-2.3.2"
      },
      "system": "x86_64-linux",
      "group": "toplevel",
      "priority": 5
    },
    {
      "attr_path": "vim",
      "broken": false,
      "derivation": "/nix/store/1q5qn5ff82nhrk1p0wnrf7dgir17xbhd-vim-9.2.0389.drv",
      "description": "Most popular clone of the VI editor",
      "install_id": "vim",
      "license": "Vim",
      "locked_url": "https://github.com/flox/nixpkgs?rev=567a49d1913ce81ac6e9582e3553dd90a955875f",
      "name": "vim-9.2.0389",
      "pname": "vim",
      "rev": "567a49d1913ce81ac6e9582e3553dd90a955875f",
      "rev_count": 1017464,
      "rev_date": "2026-06-16T02:33:49Z",
      "scrape_date": "2026-06-17T03:16:02.901626Z",
      "stabilities": [
        "staging",
        "unstable"
      ],
      "unfree": false,
      "version": "9.2.0389",
      "outputs_to_install": [
        "out",
        "xxd"
      ],
      "outputs": {
        "out": "/nix/store/6vbkykg92w603c0sw3mkk7p7mfaawbns-vim-9.2.0389",
        "xxd": "/nix/store/9iv8rc5y9i1xb59630q4vd9091imvrm3-vim-9.2.0389-xxd"
      },
      "system": "aarch64-darwin",
      "group": "toplevel",
      "priority": 5
    },
    {
      "attr_path": "vim",
      "broken": false,
      "derivation": "/nix/store/rv0ibdr5njhpnndhvcqkch8pg509wgqd-vim-9.2.0389.drv",
      "description": "Most popular clone of the VI editor",
      "install_id": "vim",
      "license": "Vim",
      "locked_url": "https://github.com/flox/nixpkgs?rev=567a49d1913ce81ac6e9582e3553dd90a955875f",
      "name": "vim-9.2.0389",
      "pname": "vim",
      "rev": "567a49d1913ce81ac6e9582e3553dd90a955875f",
      "rev_count": 1017464,
      "rev_date": "2026-06-16T02:33:49Z",
      "scrape_date": "2026-06-17T03:47:43.799581Z",
      "stabilities": [
        "staging",
        "unstable"
      ],
      "unfree": false,
      "version": "9.2.0389",
      "outputs_to_install": [
        "out",
        "xxd"
      ],
      "outputs": {
        "out": "/nix/store/v8c7pvx26irvy9k5sbwd183cyvckzzb3-vim-9.2.0389",
        "xxd": "/nix/store/ylzgwhwcdpk88zgfxxqqcq9k15j8ii2p-vim-9.2.0389-xxd"
      },
      "system": "aarch64-linux",
      "group": "toplevel",
      "priority": 5
    },
    {
      "attr_path": "vim",
      "broken": false,
      "derivation": "/nix/store/4ql9hd0y1lf1rg5gy0grqgscnbfsal0f-vim-9.2.0389.drv",
      "description": "Most popular clone of the VI editor",
      "install_id": "vim",
      "license": "Vim",
      "locked_url": "https://github.com/flox/nixpkgs?rev=567a49d1913ce81ac6e9582e3553dd90a955875f",
      "name": "vim-9.2.0389",
      "pname": "vim",
      "rev": "567a49d1913ce81ac6e9582e3553dd90a955875f",
      "rev_count": 1017464,
      "rev_date": "2026-06-16T02:33:49Z",
      "scrape_date": "2026-06-17T04:50:47.109697Z",
      "stabilities": [
        "staging",
        "unstable"
      ],
      "unfree": false,
      "version": "9.2.0389",
      "outputs_to_install": [
        "out",
        "xxd"
      ],
      "outputs": {
        "out": "/nix/store/hvyqx52g4g2fxhgpans3fksjj6lmlyaw-vim-9.2.0389",
        "xxd": "/nix/store/3sj58myrhxqip9kyvci9pm7836mbnhrh-vim-9.2.0389-xxd"
      },
      "system": "x86_64-linux",
      "group": "toplevel",
      "priority": 5
    },
    {
      "attr_path": "watch",
      "broken": false,
      "derivation": "/nix/store/i22l4fblwqc804nc3k3gmlw00fbziws1-watch-procps-4.0.6.drv",
      "install_id": "watch",
      "locked_url": "https://github.com/flox/nixpkgs?rev=567a49d1913ce81ac6e9582e3553dd90a955875f",
      "name": "watch-procps-4.0.6",
      "pname": "watch",
      "rev": "567a49d1913ce81ac6e9582e3553dd90a955875f",
      "rev_count": 1017464,
      "rev_date": "2026-06-16T02:33:49Z",
      "scrape_date": "2026-06-17T03:16:15.871154Z",
      "stabilities": [
        "staging",
        "unstable"
      ],
      "unfree": false,
      "version": "4.0.6",
      "outputs_to_install": [
        "out",
        "out"
      ],
      "outputs": {
        "out": "/nix/store/pkjc21qhip7jzjwikqajch0zn9cvcagw-watch-procps-4.0.6"
      },
      "system": "aarch64-darwin",
      "group": "toplevel",
      "priority": 5
    },
    {
      "attr_path": "watch",
      "broken": false,
      "derivation": "/nix/store/qnryqdk1p8gzxpm66w4bn2xvhx0z09z2-watch-procps-4.0.6.drv",
      "install_id": "watch",
      "locked_url": "https://github.com/flox/nixpkgs?rev=567a49d1913ce81ac6e9582e3553dd90a955875f",
      "name": "watch-procps-4.0.6",
      "pname": "watch",
      "rev": "567a49d1913ce81ac6e9582e3553dd90a955875f",
      "rev_count": 1017464,
      "rev_date": "2026-06-16T02:33:49Z",
      "scrape_date": "2026-06-17T03:47:57.740098Z",
      "stabilities": [
        "staging",
        "unstable"
      ],
      "unfree": false,
      "version": "4.0.6",
      "outputs_to_install": [
        "out"
      ],
      "outputs": {
        "out": "/nix/store/9n1rgd7758x4bw7gxfisc59qg017xy8q-watch-procps-4.0.6"
      },
      "system": "aarch64-linux",
      "group": "toplevel",
      "priority": 5
    },
    {
      "attr_path": "watch",
      "broken": false,
      "derivation": "/nix/store/sdvbkih5a8wd07dsc7x22q7pz3czqlcx-watch-procps-4.0.6.drv",
      "install_id": "watch",
      "locked_url": "https://github.com/flox/nixpkgs?rev=567a49d1913ce81ac6e9582e3553dd90a955875f",
      "name": "watch-procps-4.0.6",
      "pname": "watch",
      "rev": "567a49d1913ce81ac6e9582e3553dd90a955875f",
      "rev_count": 1017464,
      "rev_date": "2026-06-16T02:33:49Z",
      "scrape_date": "2026-06-17T04:51:01.452009Z",
      "stabilities": [
        "staging",
        "unstable"
      ],
      "unfree": false,
      "version": "4.0.6",
      "outputs_to_install": [
        "out"
      ],
      "outputs": {
        "out": "/nix/store/gajihryvyczrw2ws0nv7nazgmg0g4q38-watch-procps-4.0.6"
      },
      "system": "x86_64-linux",
      "group": "toplevel",
      "priority": 5
    },
    {
      "attr_path": "wget",
      "broken": false,
      "derivation": "/nix/store/zsxk9353s97ih36sfnvv2819gjy64z34-wget-1.25.0.drv",
      "description": "Tool for retrieving files using HTTP, HTTPS, and FTP",
      "install_id": "wget",
      "license": "GPL-3.0-or-later",
      "locked_url": "https://github.com/flox/nixpkgs?rev=567a49d1913ce81ac6e9582e3553dd90a955875f",
      "name": "wget-1.25.0",
      "pname": "wget",
      "rev": "567a49d1913ce81ac6e9582e3553dd90a955875f",
      "rev_count": 1017464,
      "rev_date": "2026-06-16T02:33:49Z",
      "scrape_date": "2026-06-17T03:16:16.290396Z",
      "stabilities": [
        "staging",
        "unstable"
      ],
      "unfree": false,
      "version": "1.25.0",
      "outputs_to_install": [
        "man",
        "out"
      ],
      "outputs": {
        "info": "/nix/store/v6z69v9middl7iqr5qqvg8rajwhcsaba-wget-1.25.0-info",
        "man": "/nix/store/78z4xbzcwph2h8z2grfvazscrbg5iyw8-wget-1.25.0-man",
        "out": "/nix/store/c882hsiwa4sk88qkk4611475l9xld59v-wget-1.25.0"
      },
      "system": "aarch64-darwin",
      "group": "toplevel",
      "priority": 5
    },
    {
      "attr_path": "wget",
      "broken": false,
      "derivation": "/nix/store/lsk6iqwcqh4hwi5jda7ybk564v5nda0g-wget-1.25.0.drv",
      "description": "Tool for retrieving files using HTTP, HTTPS, and FTP",
      "install_id": "wget",
      "license": "GPL-3.0-or-later",
      "locked_url": "https://github.com/flox/nixpkgs?rev=567a49d1913ce81ac6e9582e3553dd90a955875f",
      "name": "wget-1.25.0",
      "pname": "wget",
      "rev": "567a49d1913ce81ac6e9582e3553dd90a955875f",
      "rev_count": 1017464,
      "rev_date": "2026-06-16T02:33:49Z",
      "scrape_date": "2026-06-17T03:47:58.563183Z",
      "stabilities": [
        "staging",
        "unstable"
      ],
      "unfree": false,
      "version": "1.25.0",
      "outputs_to_install": [
        "man",
        "man",
        "out",
        "out"
      ],
      "outputs": {
        "info": "/nix/store/gqzjs4h3vmcl3snsrd7claqpkpj0cy53-wget-1.25.0-info",
        "man": "/nix/store/f8waylb33xaghb6h30vbi9kjjqcnyfy1-wget-1.25.0-man",
        "out": "/nix/store/qv7izaps6l9r1prxf0pfd9l39cc8i1yz-wget-1.25.0"
      },
      "system": "aarch64-linux",
      "group": "toplevel",
      "priority": 5
    },
    {
      "attr_path": "wget",
      "broken": false,
      "derivation": "/nix/store/bsvws0yxkka3ql5d636bii46i0hzb7h9-wget-1.25.0.drv",
      "description": "Tool for retrieving files using HTTP, HTTPS, and FTP",
      "install_id": "wget",
      "license": "GPL-3.0-or-later",
      "locked_url": "https://github.com/flox/nixpkgs?rev=567a49d1913ce81ac6e9582e3553dd90a955875f",
      "name": "wget-1.25.0",
      "pname": "wget",
      "rev": "567a49d1913ce81ac6e9582e3553dd90a955875f",
      "rev_count": 1017464,
      "rev_date": "2026-06-16T02:33:49Z",
      "scrape_date": "2026-06-17T04:51:02.354636Z",
      "stabilities": [
        "staging",
        "unstable"
      ],
      "unfree": false,
      "version": "1.25.0",
      "outputs_to_install": [
        "man",
        "man",
        "out",
        "out",
        "out"
      ],
      "outputs": {
        "info": "/nix/store/76xvwigsd25lrfpljip4dnsm2d5dfd6n-wget-1.25.0-info",
        "man": "/nix/store/7l88zrsas43dlxx460xvs84jvkdni2yh-wget-1.25.0-man",
        "out": "/nix/store/j9izhj1pb3k07wdw2q2c1z7pw2xkrz69-wget-1.25.0"
      },
      "system": "x86_64-linux",
      "group": "toplevel",
      "priority": 5
    }
  ],
  "compose": {
    "composer": {
      "schema-version": "1.13.0",
      "install": {
        "hello": {
          "pkg-path": "hello"
        }
      },
      "options": {},
      "include": {
        "environments": [
          {
            "remote": "jbayer/default"
          }
        ]
      }
    },
    "include": [
      {
        "manifest": {
          "schema-version": "1.10.0",
          "install": {
            "gh": {
              "pkg-path": "gh"
            },
            "jq": {
              "pkg-path": "jq"
            },
            "tree": {
              "pkg-path": "tree"
            },
            "vim": {
              "pkg-path": "vim"
            },
            "watch": {
              "pkg-path": "watch"
            },
            "wget": {
              "pkg-path": "wget"
            }
          },
          "hook": {
            "on-activate": ""
          },
          "profile": {
            "common": "# symlink the shared .devcontainer into the current directory\n# alias devc='ln -s ~/workspaces/devcontainers/.devcontainer .devcontainer'\n# alias devc-cp='cp -R ~/workspaces/devcontainers/.devcontainer .'\n\ncase \"$(uname -s)\" in\n  Darwin)\n    FLOX_HOST_ICON=\"🍎\"   # macOS — reminder you are NOT in a container\n      ;;\n  Linux)\n    _host=\"$(hostname -s 2>/dev/null || hostname)\"\n    _host=\"$(printf '%s' \"$_host\" | tr '[:upper:]' '[:lower:]')\"\n    case \"$_host\" in\n      ubuntu*) FLOX_HOST_ICON=\"🐧\" ;;   # main container\n      *)       FLOX_HOST_ICON=\"🐧 $_host\" ;; # any other host: full name\n    esac\n    ;;\nesac\n",
            "bash": "  PS1=\"\\[\\033[01;32m\\]${FLOX_HOST_ICON}\\[\\033[00m\\]:\\[\\033[01;34m\\]\\W\\[\\033[00m\\]\\\\$ \"\n",
            "zsh": "  PROMPT=\"%B%F{green}${FLOX_HOST_ICON}%f:%F{blue}%1~%f%b\\$ \"\n"
          },
          "options": {
            "systems": [
              "aarch64-darwin",
              "aarch64-linux",
              "x86_64-linux"
            ]
          }
        },
        "name": "default",
        "descriptor": {
          "remote": "jbayer/default"
        }
      }
    ],
    "warnings": []
  }
}
