{
  "lockfile-version": 1,
  "manifest": {
    "schema-version": "1.13.0",
    "install": {
      "gh": {
        "pkg-path": "gh"
      },
      "hello": {
        "pkg-path": "hello"
      },
      "jq": {
        "pkg-path": "jq"
      },
      "tree": {
        "pkg-path": "tree"
      },
      "vim": {
        "pkg-path": "vim"
      },
      "watch": {
        "pkg-path": "watch"
      },
      "wget": {
        "pkg-path": "wget"
      }
    },
    "hook": {
      "on-activate": ""
    },
    "profile": {
      "common": "# symlink the shared .devcontainer into the current directory\n# alias devc='ln -s ~/workspaces/devcontainers/.devcontainer .devcontainer'\n# alias devc-cp='cp -R ~/workspaces/devcontainers/.devcontainer .'\n\ncase \"$(uname -s)\" in\n  Darwin)\n    FLOX_HOST_ICON=\"🍎\"   # macOS — reminder you are NOT in a container\n      ;;\n  Linux)\n    _host=\"$(hostname -s 2>/dev/null || hostname)\"\n    _host=\"$(printf '%s' \"$_host\" | tr '[:upper:]' '[:lower:]')\"\n    case \"$_host\" in\n      ubuntu*) FLOX_HOST_ICON=\"🐧\" ;;   # main container\n      *)       FLOX_HOST_ICON=\"🐧 $_host\" ;; # any other host: full name\n    esac\n    ;;\nesac\n",
      "bash": "  PS1=\"\\[\\033[01;32m\\]${FLOX_HOST_ICON}\\[\\033[00m\\]:\\[\\033[01;34m\\]\\W\\[\\033[00m\\]\\\\$ \"\n",
      "zsh": "  PROMPT=\"%B%F{green}${FLOX_HOST_ICON}%f:%F{blue}%1~%f%b\\$ \"\n"
    },
    "options": {
      "systems": [
        "aarch64-darwin",
        "aarch64-linux",
        "x86_64-linux"
      ]
    }
  },
  "packages": [
    {
      "attr_path": "gh",
      "broken": false,
      "derivation": "/nix/store/gdhn36xxk55v4k7p3v7yndjy7xry79ws-gh-2.97.0.drv",
      "description": "GitHub CLI tool",
      "install_id": "gh",
      "license": "MIT",
      "locked_url": "https://github.com/flox/nixpkgs?rev=148bab9c1c3c53136ecb44a6ea356a0ed5b39b06",
      "name": "gh-2.97.0",
      "pname": "gh",
      "rev": "148bab9c1c3c53136ecb44a6ea356a0ed5b39b06",
      "rev_count": 1045728,
      "rev_date": "2026-08-01T07:59:56Z",
      "scrape_date": "2026-08-02T04:59:01.074562Z",
      "stabilities": [
        "unstable"
      ],
      "unfree": false,
      "version": "2.97.0",
      "outputs_to_install": [
        "out"
      ],
      "outputs": {
        "out": "/nix/store/9q6i0m1x1wx24vknbs3iglvnr5aw1hxb-gh-2.97.0"
      },
      "system": "aarch64-darwin",
      "group": "toplevel",
      "priority": 5
    },
    {
      "attr_path": "gh",
      "broken": false,
      "derivation": "/nix/store/w27gxy0jvzfkazkswir4masb7fa0mhbr-gh-2.97.0.drv",
      "description": "GitHub CLI tool",
      "install_id": "gh",
      "license": "MIT",
      "locked_url": "https://github.com/flox/nixpkgs?rev=148bab9c1c3c53136ecb44a6ea356a0ed5b39b06",
      "name": "gh-2.97.0",
      "pname": "gh",
      "rev": "148bab9c1c3c53136ecb44a6ea356a0ed5b39b06",
      "rev_count": 1045728,
      "rev_date": "2026-08-01T07:59:56Z",
      "scrape_date": "2026-08-02T05:33:39.217641Z",
      "stabilities": [
        "unstable"
      ],
      "unfree": false,
      "version": "2.97.0",
      "outputs_to_install": [
        "out"
      ],
      "outputs": {
        "out": "/nix/store/8zf6nxnc574nlipbhq4z46ij22hqd9ac-gh-2.97.0"
      },
      "system": "aarch64-linux",
      "group": "toplevel",
      "priority": 5
    },
    {
      "attr_path": "gh",
      "broken": false,
      "derivation": "/nix/store/y0knr1x28nbrw09l9z3wylcifv1dpb5z-gh-2.97.0.drv",
      "description": "GitHub CLI tool",
      "install_id": "gh",
      "license": "MIT",
      "locked_url": "https://github.com/flox/nixpkgs?rev=148bab9c1c3c53136ecb44a6ea356a0ed5b39b06",
      "name": "gh-2.97.0",
      "pname": "gh",
      "rev": "148bab9c1c3c53136ecb44a6ea356a0ed5b39b06",
      "rev_count": 1045728,
      "rev_date": "2026-08-01T07:59:56Z",
      "scrape_date": "2026-08-02T06:12:17.830428Z",
      "stabilities": [
        "unstable"
      ],
      "unfree": false,
      "version": "2.97.0",
      "outputs_to_install": [
        "out"
      ],
      "outputs": {
        "out": "/nix/store/7ayrbzjnm88xn12lfv99c1sqprlc2bwr-gh-2.97.0"
      },
      "system": "x86_64-linux",
      "group": "toplevel",
      "priority": 5
    },
    {
      "attr_path": "hello",
      "broken": false,
      "derivation": "/nix/store/lvr08sbgczxiy7299l5a1adss05fn4r7-hello-2.12.3.drv",
      "description": "Program that produces a familiar, friendly greeting",
      "install_id": "hello",
      "license": "GPL-3.0-or-later",
      "locked_url": "https://github.com/flox/nixpkgs?rev=148bab9c1c3c53136ecb44a6ea356a0ed5b39b06",
      "name": "hello-2.12.3",
      "pname": "hello",
      "rev": "148bab9c1c3c53136ecb44a6ea356a0ed5b39b06",
      "rev_count": 1045728,
      "rev_date": "2026-08-01T07:59:56Z",
      "scrape_date": "2026-08-02T04:59:15.363941Z",
      "stabilities": [
        "unstable"
      ],
      "unfree": false,
      "version": "2.12.3",
      "outputs_to_install": [
        "out"
      ],
      "outputs": {
        "out": "/nix/store/v4f0jj9sz97ckskvacf40llz4nfr19jf-hello-2.12.3"
      },
      "system": "aarch64-darwin",
      "group": "toplevel",
      "priority": 5
    },
    {
      "attr_path": "hello",
      "broken": false,
      "derivation": "/nix/store/wzn44dhc6acman3yqlg8pkacq4x9vjsp-hello-2.12.3.drv",
      "description": "Program that produces a familiar, friendly greeting",
      "install_id": "hello",
      "license": "GPL-3.0-or-later",
      "locked_url": "https://github.com/flox/nixpkgs?rev=148bab9c1c3c53136ecb44a6ea356a0ed5b39b06",
      "name": "hello-2.12.3",
      "pname": "hello",
      "rev": "148bab9c1c3c53136ecb44a6ea356a0ed5b39b06",
      "rev_count": 1045728,
      "rev_date": "2026-08-01T07:59:56Z",
      "scrape_date": "2026-08-02T05:33:56.777461Z",
      "stabilities": [
        "unstable"
      ],
      "unfree": false,
      "version": "2.12.3",
      "outputs_to_install": [
        "out"
      ],
      "outputs": {
        "out": "/nix/store/4z8ys247h2242760a0pw6y9akab2n09l-hello-2.12.3"
      },
      "system": "aarch64-linux",
      "group": "toplevel",
      "priority": 5
    },
    {
      "attr_path": "hello",
      "broken": false,
      "derivation": "/nix/store/d46zpb9f4qfi85sn8n6zghdf67p7dhgq-hello-2.12.3.drv",
      "description": "Program that produces a familiar, friendly greeting",
      "install_id": "hello",
      "license": "GPL-3.0-or-later",
      "locked_url": "https://github.com/flox/nixpkgs?rev=148bab9c1c3c53136ecb44a6ea356a0ed5b39b06",
      "name": "hello-2.12.3",
      "pname": "hello",
      "rev": "148bab9c1c3c53136ecb44a6ea356a0ed5b39b06",
      "rev_count": 1045728,
      "rev_date": "2026-08-01T07:59:56Z",
      "scrape_date": "2026-08-02T06:12:36.446574Z",
      "stabilities": [
        "unstable"
      ],
      "unfree": false,
      "version": "2.12.3",
      "outputs_to_install": [
        "out"
      ],
      "outputs": {
        "out": "/nix/store/lxra5fkapsdbdjqi6wa205s7vmqh1vxb-hello-2.12.3"
      },
      "system": "x86_64-linux",
      "group": "toplevel",
      "priority": 5
    },
    {
      "attr_path": "jq",
      "broken": false,
      "derivation": "/nix/store/kcqi2l7cbwha05a44fj4ajdr871ygf3j-jq-1.8.2.drv",
      "description": "Lightweight and flexible command-line JSON processor",
      "install_id": "jq",
      "license": "MIT",
      "locked_url": "https://github.com/flox/nixpkgs?rev=148bab9c1c3c53136ecb44a6ea356a0ed5b39b06",
      "name": "jq-1.8.2",
      "pname": "jq",
      "rev": "148bab9c1c3c53136ecb44a6ea356a0ed5b39b06",
      "rev_count": 1045728,
      "rev_date": "2026-08-01T07:59:56Z",
      "scrape_date": "2026-08-02T04:59:16.816978Z",
      "stabilities": [
        "unstable"
      ],
      "unfree": false,
      "version": "1.8.2",
      "outputs_to_install": [
        "bin",
        "man"
      ],
      "outputs": {
        "bin": "/nix/store/si622aj9znsy96kdwsrg54dxzp9m35qw-jq-1.8.2-bin",
        "dev": "/nix/store/zcvl9cnw5a44f74gw8aa8fh8cfynjc76-jq-1.8.2-dev",
        "doc": "/nix/store/4s66blj2afdqbzaq8ilw30v7kpjb6ypw-jq-1.8.2-doc",
        "man": "/nix/store/jp2c61il2ycagni1j5c1jrglnypvbf5k-jq-1.8.2-man",
        "out": "/nix/store/z28yr7h99fi3mch4dh3bc50bjk6malsl-jq-1.8.2"
      },
      "system": "aarch64-darwin",
      "group": "toplevel",
      "priority": 5
    },
    {
      "attr_path": "jq",
      "broken": false,
      "derivation": "/nix/store/4n0d7m3p2mwy8n7aqzxxz9pymdiba628-jq-1.8.2.drv",
      "description": "Lightweight and flexible command-line JSON processor",
      "install_id": "jq",
      "license": "MIT",
      "locked_url": "https://github.com/flox/nixpkgs?rev=148bab9c1c3c53136ecb44a6ea356a0ed5b39b06",
      "name": "jq-1.8.2",
      "pname": "jq",
      "rev": "148bab9c1c3c53136ecb44a6ea356a0ed5b39b06",
      "rev_count": 1045728,
      "rev_date": "2026-08-01T07:59:56Z",
      "scrape_date": "2026-08-02T05:33:59.146564Z",
      "stabilities": [
        "unstable"
      ],
      "unfree": false,
      "version": "1.8.2",
      "outputs_to_install": [
        "bin",
        "man"
      ],
      "outputs": {
        "bin": "/nix/store/rjaclwgima9ssysv7v0h2hq46g8sikd4-jq-1.8.2-bin",
        "dev": "/nix/store/yy0mx8yjmzkk154mmp1vx4b0kz0ndw6y-jq-1.8.2-dev",
        "doc": "/nix/store/yqx0xva9dq6rnvxgwcadrmni1l8ympa1-jq-1.8.2-doc",
        "man": "/nix/store/1w15pijismpwnainv71a6pdnsypjnqg7-jq-1.8.2-man",
        "out": "/nix/store/0x995g1z807ynhzsh2f6yj0jsw6pr50f-jq-1.8.2"
      },
      "system": "aarch64-linux",
      "group": "toplevel",
      "priority": 5
    },
    {
      "attr_path": "jq",
      "broken": false,
      "derivation": "/nix/store/cqww7dqvv2ch7dvx8n36qsiq5djc5rbr-jq-1.8.2.drv",
      "description": "Lightweight and flexible command-line JSON processor",
      "install_id": "jq",
      "license": "MIT",
      "locked_url": "https://github.com/flox/nixpkgs?rev=148bab9c1c3c53136ecb44a6ea356a0ed5b39b06",
      "name": "jq-1.8.2",
      "pname": "jq",
      "rev": "148bab9c1c3c53136ecb44a6ea356a0ed5b39b06",
      "rev_count": 1045728,
      "rev_date": "2026-08-01T07:59:56Z",
      "scrape_date": "2026-08-02T06:12:39.041460Z",
      "stabilities": [
        "unstable"
      ],
      "unfree": false,
      "version": "1.8.2",
      "outputs_to_install": [
        "bin",
        "bin",
        "man"
      ],
      "outputs": {
        "bin": "/nix/store/4b6f9wb1qak318gk7mxlfkhril6lxpcx-jq-1.8.2-bin",
        "dev": "/nix/store/sp8a7n50g32lzzsc7dz09ry2vc9bh4y0-jq-1.8.2-dev",
        "doc": "/nix/store/dp4rs4vpwp44c7vvgskj1hly0d6xqf2m-jq-1.8.2-doc",
        "man": "/nix/store/4zwaa20khsi2drbg16i5z3wxbjf88mm6-jq-1.8.2-man",
        "out": "/nix/store/z438hrlp3j75bpmq87ymzabb8vrda8ps-jq-1.8.2"
      },
      "system": "x86_64-linux",
      "group": "toplevel",
      "priority": 5
    },
    {
      "attr_path": "tree",
      "broken": false,
      "derivation": "/nix/store/5mz7k8cbkcmb0wkmw2hd482zbph9mbxy-tree-2.3.2.drv",
      "description": "Command to produce a depth indented directory listing",
      "install_id": "tree",
      "license": "GPL-2.0-or-later",
      "locked_url": "https://github.com/flox/nixpkgs?rev=148bab9c1c3c53136ecb44a6ea356a0ed5b39b06",
      "name": "tree-2.3.2",
      "pname": "tree",
      "rev": "148bab9c1c3c53136ecb44a6ea356a0ed5b39b06",
      "rev_count": 1045728,
      "rev_date": "2026-08-01T07:59:56Z",
      "scrape_date": "2026-08-02T05:01:19.353732Z",
      "stabilities": [
        "unstable"
      ],
      "unfree": false,
      "version": "2.3.2",
      "outputs_to_install": [
        "man",
        "out"
      ],
      "outputs": {
        "man": "/nix/store/jgjxysfq2qza1bnsn6zzaqb9af8mmznm-tree-2.3.2-man",
        "out": "/nix/store/7xjfdviidb0s1vx4yq4alrd9277mr8sn-tree-2.3.2"
      },
      "system": "aarch64-darwin",
      "group": "toplevel",
      "priority": 5
    },
    {
      "attr_path": "tree",
      "broken": false,
      "derivation": "/nix/store/aarv5qrxzjwyjfnz9c2fd7h24v1ry9li-tree-2.3.2.drv",
      "description": "Command to produce a depth indented directory listing",
      "install_id": "tree",
      "license": "GPL-2.0-or-later",
      "locked_url": "https://github.com/flox/nixpkgs?rev=148bab9c1c3c53136ecb44a6ea356a0ed5b39b06",
      "name": "tree-2.3.2",
      "pname": "tree",
      "rev": "148bab9c1c3c53136ecb44a6ea356a0ed5b39b06",
      "rev_count": 1045728,
      "rev_date": "2026-08-01T07:59:56Z",
      "scrape_date": "2026-08-02T05:36:36.063248Z",
      "stabilities": [
        "unstable"
      ],
      "unfree": false,
      "version": "2.3.2",
      "outputs_to_install": [
        "man",
        "out"
      ],
      "outputs": {
        "man": "/nix/store/l33x3lmh8nmlaqcbbf9wd38i7fkrxmrs-tree-2.3.2-man",
        "out": "/nix/store/fgbi3sqa9vch50yr8adsb47vr0bh1lsi-tree-2.3.2"
      },
      "system": "aarch64-linux",
      "group": "toplevel",
      "priority": 5
    },
    {
      "attr_path": "tree",
      "broken": false,
      "derivation": "/nix/store/za6xzvxflw12kc1i82n1nx7zc6d3vwy5-tree-2.3.2.drv",
      "description": "Command to produce a depth indented directory listing",
      "install_id": "tree",
      "license": "GPL-2.0-or-later",
      "locked_url": "https://github.com/flox/nixpkgs?rev=148bab9c1c3c53136ecb44a6ea356a0ed5b39b06",
      "name": "tree-2.3.2",
      "pname": "tree",
      "rev": "148bab9c1c3c53136ecb44a6ea356a0ed5b39b06",
      "rev_count": 1045728,
      "rev_date": "2026-08-01T07:59:56Z",
      "scrape_date": "2026-08-02T06:15:22.627503Z",
      "stabilities": [
        "unstable"
      ],
      "unfree": false,
      "version": "2.3.2",
      "outputs_to_install": [
        "man",
        "out"
      ],
      "outputs": {
        "man": "/nix/store/4s5gfsbnjxvmny2m511ds5cwryshpsdf-tree-2.3.2-man",
        "out": "/nix/store/bpw88kyqh3l8f6i3jmcdxwiig429l052-tree-2.3.2"
      },
      "system": "x86_64-linux",
      "group": "toplevel",
      "priority": 5
    },
    {
      "attr_path": "vim",
      "broken": false,
      "derivation": "/nix/store/kzixm3j1hla6lksml5yfl6n3hixqy5zi-vim-9.2.0782.drv",
      "description": "Most popular clone of the VI editor",
      "install_id": "vim",
      "license": "Vim",
      "locked_url": "https://github.com/flox/nixpkgs?rev=148bab9c1c3c53136ecb44a6ea356a0ed5b39b06",
      "name": "vim-9.2.0782",
      "pname": "vim",
      "rev": "148bab9c1c3c53136ecb44a6ea356a0ed5b39b06",
      "rev_count": 1045728,
      "rev_date": "2026-08-01T07:59:56Z",
      "scrape_date": "2026-08-02T05:01:42.429200Z",
      "stabilities": [
        "unstable"
      ],
      "unfree": false,
      "version": "9.2.0782",
      "outputs_to_install": [
        "out",
        "xxd"
      ],
      "outputs": {
        "out": "/nix/store/4irnlynd70ms1zjyhhgivdz7fmp1syzr-vim-9.2.0782",
        "xxd": "/nix/store/dyyrgsym5rdh59dpgqbqwngsd5gr9igf-vim-9.2.0782-xxd"
      },
      "system": "aarch64-darwin",
      "group": "toplevel",
      "priority": 5
    },
    {
      "attr_path": "vim",
      "broken": false,
      "derivation": "/nix/store/sc0qrj3masgbmp6fhmcmw68kg55np5mb-vim-9.2.0782.drv",
      "description": "Most popular clone of the VI editor",
      "install_id": "vim",
      "license": "Vim",
      "locked_url": "https://github.com/flox/nixpkgs?rev=148bab9c1c3c53136ecb44a6ea356a0ed5b39b06",
      "name": "vim-9.2.0782",
      "pname": "vim",
      "rev": "148bab9c1c3c53136ecb44a6ea356a0ed5b39b06",
      "rev_count": 1045728,
      "rev_date": "2026-08-01T07:59:56Z",
      "scrape_date": "2026-08-02T05:37:03.058210Z",
      "stabilities": [
        "unstable"
      ],
      "unfree": false,
      "version": "9.2.0782",
      "outputs_to_install": [
        "out",
        "xxd"
      ],
      "outputs": {
        "out": "/nix/store/9rlf895l3hylijpkz6ykah5sf50dlfg8-vim-9.2.0782",
        "xxd": "/nix/store/sf9ldssca23fxymxv8f3dw31cmz92k1l-vim-9.2.0782-xxd"
      },
      "system": "aarch64-linux",
      "group": "toplevel",
      "priority": 5
    },
    {
      "attr_path": "vim",
      "broken": false,
      "derivation": "/nix/store/pqmw46b3iqlijv2l2044w0hw39c76h43-vim-9.2.0782.drv",
      "description": "Most popular clone of the VI editor",
      "install_id": "vim",
      "license": "Vim",
      "locked_url": "https://github.com/flox/nixpkgs?rev=148bab9c1c3c53136ecb44a6ea356a0ed5b39b06",
      "name": "vim-9.2.0782",
      "pname": "vim",
      "rev": "148bab9c1c3c53136ecb44a6ea356a0ed5b39b06",
      "rev_count": 1045728,
      "rev_date": "2026-08-01T07:59:56Z",
      "scrape_date": "2026-08-02T06:15:50.060715Z",
      "stabilities": [
        "unstable"
      ],
      "unfree": false,
      "version": "9.2.0782",
      "outputs_to_install": [
        "out",
        "xxd"
      ],
      "outputs": {
        "out": "/nix/store/kcfbjmxdngamgxgj88q0g7wimbix9ah8-vim-9.2.0782",
        "xxd": "/nix/store/abw07pwjbi2ixl0gg4h535qwh0dkmkfz-vim-9.2.0782-xxd"
      },
      "system": "x86_64-linux",
      "group": "toplevel",
      "priority": 5
    },
    {
      "attr_path": "watch",
      "broken": false,
      "derivation": "/nix/store/65bi4jqga4bwzzgla3g9j5hlv254mjrv-watch-procps-4.0.6.drv",
      "install_id": "watch",
      "locked_url": "https://github.com/flox/nixpkgs?rev=148bab9c1c3c53136ecb44a6ea356a0ed5b39b06",
      "name": "watch-procps-4.0.6",
      "pname": "watch",
      "rev": "148bab9c1c3c53136ecb44a6ea356a0ed5b39b06",
      "rev_count": 1045728,
      "rev_date": "2026-08-01T07:59:56Z",
      "scrape_date": "2026-08-02T05:01:54.181127Z",
      "stabilities": [
        "unstable"
      ],
      "unfree": false,
      "version": "4.0.6",
      "outputs_to_install": [
        "out"
      ],
      "outputs": {
        "out": "/nix/store/kvl62632wmjqqckkfpr1prxq8kzi5iq1-watch-procps-4.0.6"
      },
      "system": "aarch64-darwin",
      "group": "toplevel",
      "priority": 5
    },
    {
      "attr_path": "watch",
      "broken": false,
      "derivation": "/nix/store/b8x611r3wwjc02k747qiaq68i58sqg06-watch-procps-4.0.6.drv",
      "install_id": "watch",
      "locked_url": "https://github.com/flox/nixpkgs?rev=148bab9c1c3c53136ecb44a6ea356a0ed5b39b06",
      "name": "watch-procps-4.0.6",
      "pname": "watch",
      "rev": "148bab9c1c3c53136ecb44a6ea356a0ed5b39b06",
      "rev_count": 1045728,
      "rev_date": "2026-08-01T07:59:56Z",
      "scrape_date": "2026-08-02T05:37:17.046133Z",
      "stabilities": [
        "unstable"
      ],
      "unfree": false,
      "version": "4.0.6",
      "outputs_to_install": [
        "out"
      ],
      "outputs": {
        "out": "/nix/store/55snf6lbdik8adw0lz7mg9g1j52q5s9p-watch-procps-4.0.6"
      },
      "system": "aarch64-linux",
      "group": "toplevel",
      "priority": 5
    },
    {
      "attr_path": "watch",
      "broken": false,
      "derivation": "/nix/store/926l6w8aiak46jlmdmsysbalyarpgvyj-watch-procps-4.0.6.drv",
      "install_id": "watch",
      "locked_url": "https://github.com/flox/nixpkgs?rev=148bab9c1c3c53136ecb44a6ea356a0ed5b39b06",
      "name": "watch-procps-4.0.6",
      "pname": "watch",
      "rev": "148bab9c1c3c53136ecb44a6ea356a0ed5b39b06",
      "rev_count": 1045728,
      "rev_date": "2026-08-01T07:59:56Z",
      "scrape_date": "2026-08-02T06:16:03.741592Z",
      "stabilities": [
        "unstable"
      ],
      "unfree": false,
      "version": "4.0.6",
      "outputs_to_install": [
        "out"
      ],
      "outputs": {
        "out": "/nix/store/qaqsk5hhlsa5wknl0dzbaznlpjz16nfh-watch-procps-4.0.6"
      },
      "system": "x86_64-linux",
      "group": "toplevel",
      "priority": 5
    },
    {
      "attr_path": "wget",
      "broken": false,
      "derivation": "/nix/store/iza7knig20wxrr2mvhrv97lkrfhlwwdy-wget-1.25.0.drv",
      "description": "Tool for retrieving files using HTTP, HTTPS, and FTP",
      "install_id": "wget",
      "license": "GPL-3.0-or-later",
      "locked_url": "https://github.com/flox/nixpkgs?rev=148bab9c1c3c53136ecb44a6ea356a0ed5b39b06",
      "name": "wget-1.25.0",
      "pname": "wget",
      "rev": "148bab9c1c3c53136ecb44a6ea356a0ed5b39b06",
      "rev_count": 1045728,
      "rev_date": "2026-08-01T07:59:56Z",
      "scrape_date": "2026-08-02T05:01:54.564643Z",
      "stabilities": [
        "unstable"
      ],
      "unfree": false,
      "version": "1.25.0",
      "outputs_to_install": [
        "man",
        "out"
      ],
      "outputs": {
        "info": "/nix/store/qfqc9f0nnqklkwqpi3p78f0xgrvy2sqk-wget-1.25.0-info",
        "man": "/nix/store/8dx91nf0ldqc3jgrk2rrq1lhhikn5qs9-wget-1.25.0-man",
        "out": "/nix/store/51lbl2pj8syfdkl51vjj4zsakdi73x8h-wget-1.25.0"
      },
      "system": "aarch64-darwin",
      "group": "toplevel",
      "priority": 5
    },
    {
      "attr_path": "wget",
      "broken": false,
      "derivation": "/nix/store/vax9ij0513hs2s12vq3gm8d1iq0ns8cp-wget-1.25.0.drv",
      "description": "Tool for retrieving files using HTTP, HTTPS, and FTP",
      "install_id": "wget",
      "license": "GPL-3.0-or-later",
      "locked_url": "https://github.com/flox/nixpkgs?rev=148bab9c1c3c53136ecb44a6ea356a0ed5b39b06",
      "name": "wget-1.25.0",
      "pname": "wget",
      "rev": "148bab9c1c3c53136ecb44a6ea356a0ed5b39b06",
      "rev_count": 1045728,
      "rev_date": "2026-08-01T07:59:56Z",
      "scrape_date": "2026-08-02T05:37:17.897944Z",
      "stabilities": [
        "unstable"
      ],
      "unfree": false,
      "version": "1.25.0",
      "outputs_to_install": [
        "man",
        "out"
      ],
      "outputs": {
        "info": "/nix/store/xx4q62w1cwiglhbzryzy43f8jymv4a50-wget-1.25.0-info",
        "man": "/nix/store/01dxgqhqxs0v12vvrpl5fwf16l1f51b3-wget-1.25.0-man",
        "out": "/nix/store/r34l8mnf9l7dbh45119cplwfif82z299-wget-1.25.0"
      },
      "system": "aarch64-linux",
      "group": "toplevel",
      "priority": 5
    },
    {
      "attr_path": "wget",
      "broken": false,
      "derivation": "/nix/store/qkb3vfqbqwv2rw1pps7ba38xcvyqkr8c-wget-1.25.0.drv",
      "description": "Tool for retrieving files using HTTP, HTTPS, and FTP",
      "install_id": "wget",
      "license": "GPL-3.0-or-later",
      "locked_url": "https://github.com/flox/nixpkgs?rev=148bab9c1c3c53136ecb44a6ea356a0ed5b39b06",
      "name": "wget-1.25.0",
      "pname": "wget",
      "rev": "148bab9c1c3c53136ecb44a6ea356a0ed5b39b06",
      "rev_count": 1045728,
      "rev_date": "2026-08-01T07:59:56Z",
      "scrape_date": "2026-08-02T06:16:04.613130Z",
      "stabilities": [
        "unstable"
      ],
      "unfree": false,
      "version": "1.25.0",
      "outputs_to_install": [
        "man",
        "out",
        "out"
      ],
      "outputs": {
        "info": "/nix/store/hkxn69442w7hwckh2c5rz12r2a8c6f3l-wget-1.25.0-info",
        "man": "/nix/store/cclfqii4mv21y8hz8wcw5p2nl90m6qxy-wget-1.25.0-man",
        "out": "/nix/store/ic1qsvxgbc1zfi55g2wmxa8d2zri0qqw-wget-1.25.0"
      },
      "system": "x86_64-linux",
      "group": "toplevel",
      "priority": 5
    }
  ],
  "compose": {
    "composer": {
      "schema-version": "1.13.0",
      "install": {
        "hello": {
          "pkg-path": "hello"
        }
      },
      "options": {},
      "include": {
        "environments": [
          {
            "remote": "jbayer/default"
          }
        ]
      }
    },
    "include": [
      {
        "manifest": {
          "schema-version": "1.10.0",
          "install": {
            "gh": {
              "pkg-path": "gh"
            },
            "jq": {
              "pkg-path": "jq"
            },
            "tree": {
              "pkg-path": "tree"
            },
            "vim": {
              "pkg-path": "vim"
            },
            "watch": {
              "pkg-path": "watch"
            },
            "wget": {
              "pkg-path": "wget"
            }
          },
          "hook": {
            "on-activate": ""
          },
          "profile": {
            "common": "# symlink the shared .devcontainer into the current directory\n# alias devc='ln -s ~/workspaces/devcontainers/.devcontainer .devcontainer'\n# alias devc-cp='cp -R ~/workspaces/devcontainers/.devcontainer .'\n\ncase \"$(uname -s)\" in\n  Darwin)\n    FLOX_HOST_ICON=\"🍎\"   # macOS — reminder you are NOT in a container\n      ;;\n  Linux)\n    _host=\"$(hostname -s 2>/dev/null || hostname)\"\n    _host=\"$(printf '%s' \"$_host\" | tr '[:upper:]' '[:lower:]')\"\n    case \"$_host\" in\n      ubuntu*) FLOX_HOST_ICON=\"🐧\" ;;   # main container\n      *)       FLOX_HOST_ICON=\"🐧 $_host\" ;; # any other host: full name\n    esac\n    ;;\nesac\n",
            "bash": "  PS1=\"\\[\\033[01;32m\\]${FLOX_HOST_ICON}\\[\\033[00m\\]:\\[\\033[01;34m\\]\\W\\[\\033[00m\\]\\\\$ \"\n",
            "zsh": "  PROMPT=\"%B%F{green}${FLOX_HOST_ICON}%f:%F{blue}%1~%f%b\\$ \"\n"
          },
          "options": {
            "systems": [
              "aarch64-darwin",
              "aarch64-linux",
              "x86_64-linux"
            ]
          }
        },
        "name": "default",
        "descriptor": {
          "remote": "jbayer/default"
        }
      }
    ],
    "warnings": []
  }
}
