{
  "lockfile-version": 1,
  "manifest": {
    "schema-version": "1.11.0",
    "install": {
      "claude-code": {
        "pkg-path": "flox/claude-code",
        "pkg-group": "claude-code"
      },
      "git": {
        "pkg-path": "git"
      },
      "hello": {
        "pkg-path": "hello"
      },
      "vim": {
        "pkg-path": "vim"
      }
    },
    "hook": {},
    "profile": {},
    "options": {}
  },
  "packages": [
    {
      "attr_path": "claude-code",
      "broken": false,
      "derivation": "/nix/store/76x6s272cpxmx9jqcc6vddpvgrwd4p2k-claude-code-2.1.101.drv",
      "description": "Agentic coding tool that lives in your terminal, understands your codebase, and helps you code faster",
      "install_id": "claude-code",
      "license": "Unfree",
      "locked_url": "https://github.com/barstoolbluz/nix-ai-tools?rev=acff64f25d99732babe403cf7e7b8543321f3ff8",
      "name": "claude-code-2.1.101",
      "pname": "claude-code",
      "rev": "acff64f25d99732babe403cf7e7b8543321f3ff8",
      "rev_count": 1,
      "rev_date": "2026-04-11T05:26:41Z",
      "scrape_date": "2026-04-12T17:57:14.703975501Z",
      "stabilities": [
        "unstable",
        "staging",
        "stable"
      ],
      "unfree": true,
      "version": "2.1.101",
      "outputs_to_install": [
        "out"
      ],
      "outputs": {
        "out": "/nix/store/kk1lahm74xycvz89d4yb17h65mnzzzhc-claude-code-2.1.101"
      },
      "system": "aarch64-darwin",
      "group": "claude-code",
      "priority": 5
    },
    {
      "attr_path": "claude-code",
      "broken": false,
      "derivation": "/nix/store/4qm1391w4zvdgzlhmlk7q9p3n4hjypyb-claude-code-2.1.101.drv",
      "description": "Agentic coding tool that lives in your terminal, understands your codebase, and helps you code faster",
      "install_id": "claude-code",
      "license": "Unfree",
      "locked_url": "https://github.com/barstoolbluz/nix-ai-tools?rev=acff64f25d99732babe403cf7e7b8543321f3ff8",
      "name": "claude-code-2.1.101",
      "pname": "claude-code",
      "rev": "acff64f25d99732babe403cf7e7b8543321f3ff8",
      "rev_count": 1,
      "rev_date": "2026-04-11T05:26:41Z",
      "scrape_date": "2026-04-12T17:57:14.703979876Z",
      "stabilities": [
        "unstable",
        "staging",
        "stable"
      ],
      "unfree": true,
      "version": "2.1.101",
      "outputs_to_install": [
        "out"
      ],
      "outputs": {
        "out": "/nix/store/5cn56fadhykk4j9ng0vw5f35nkvb7l77-claude-code-2.1.101"
      },
      "system": "aarch64-linux",
      "group": "claude-code",
      "priority": 5
    },
    {
      "attr_path": "claude-code",
      "broken": false,
      "derivation": "/nix/store/kw7xq46zi1llfmjif85k45wmx4kiyb4s-claude-code-2.1.101.drv",
      "description": "Agentic coding tool that lives in your terminal, understands your codebase, and helps you code faster",
      "install_id": "claude-code",
      "license": "Unfree",
      "locked_url": "git@github.com:barstoolbluz/nix-ai-tools.git?rev=934ceb6d6ebe3cd9a14ddb27dde168a47809edcb",
      "name": "claude-code-2.1.101",
      "pname": "claude-code",
      "rev": "934ceb6d6ebe3cd9a14ddb27dde168a47809edcb",
      "rev_count": 171,
      "rev_date": "2026-04-11T06:49:20Z",
      "scrape_date": "2026-04-12T17:57:14.703980376Z",
      "stabilities": [
        "unstable",
        "staging",
        "stable"
      ],
      "unfree": true,
      "version": "2.1.101",
      "outputs_to_install": [
        "out"
      ],
      "outputs": {
        "out": "/nix/store/90b3rsj62qqm610q6v9kghxdamyx625a-claude-code-2.1.101"
      },
      "system": "x86_64-darwin",
      "group": "claude-code",
      "priority": 5
    },
    {
      "attr_path": "claude-code",
      "broken": false,
      "derivation": "/nix/store/n71zy47w2h82yi9rxgf2286a15ixxsyk-claude-code-2.1.101.drv",
      "description": "Agentic coding tool that lives in your terminal, understands your codebase, and helps you code faster",
      "install_id": "claude-code",
      "license": "Unfree",
      "locked_url": "https://github.com/barstoolbluz/nix-ai-tools?rev=acff64f25d99732babe403cf7e7b8543321f3ff8",
      "name": "claude-code-2.1.101",
      "pname": "claude-code",
      "rev": "acff64f25d99732babe403cf7e7b8543321f3ff8",
      "rev_count": 1,
      "rev_date": "2026-04-11T05:26:41Z",
      "scrape_date": "2026-04-12T17:57:14.703980793Z",
      "stabilities": [
        "unstable",
        "staging",
        "stable"
      ],
      "unfree": true,
      "version": "2.1.101",
      "outputs_to_install": [
        "out"
      ],
      "outputs": {
        "out": "/nix/store/pshrbnwqgamcphgwmpfk63ahzg1zgf3b-claude-code-2.1.101"
      },
      "system": "x86_64-linux",
      "group": "claude-code",
      "priority": 5
    },
    {
      "attr_path": "git",
      "broken": false,
      "derivation": "/nix/store/a8629rgwrbmn2xfdidnvgv8zbzz51q9c-git-2.53.0.drv",
      "description": "Distributed version control system",
      "install_id": "git",
      "license": "GPL-2.0",
      "locked_url": "https://github.com/flox/nixpkgs?rev=4c1018dae018162ec878d42fec712642d214fdfa",
      "name": "git-2.53.0",
      "pname": "git",
      "rev": "4c1018dae018162ec878d42fec712642d214fdfa",
      "rev_count": 977467,
      "rev_date": "2026-04-09T04:48:10Z",
      "scrape_date": "2026-04-11T06:03:34.229812Z",
      "stabilities": [
        "unstable"
      ],
      "unfree": false,
      "version": "2.53.0",
      "outputs_to_install": [
        "out",
        "out"
      ],
      "outputs": {
        "doc": "/nix/store/xp9w7bcl4c78268kn82qdayqglj0zdxa-git-2.53.0-doc",
        "out": "/nix/store/6qbj40r0s289k5slmy8yna5x2hfz01wg-git-2.53.0"
      },
      "system": "aarch64-darwin",
      "group": "toplevel",
      "priority": 5
    },
    {
      "attr_path": "git",
      "broken": false,
      "derivation": "/nix/store/j67ynmph0ygnfh67rq6lf4wq4n4v5kmi-git-2.53.0.drv",
      "description": "Distributed version control system",
      "install_id": "git",
      "license": "GPL-2.0",
      "locked_url": "https://github.com/flox/nixpkgs?rev=4c1018dae018162ec878d42fec712642d214fdfa",
      "name": "git-2.53.0",
      "pname": "git",
      "rev": "4c1018dae018162ec878d42fec712642d214fdfa",
      "rev_count": 977467,
      "rev_date": "2026-04-09T04:48:10Z",
      "scrape_date": "2026-04-11T06:35:00.273785Z",
      "stabilities": [
        "unstable"
      ],
      "unfree": false,
      "version": "2.53.0",
      "outputs_to_install": [
        "out",
        "out"
      ],
      "outputs": {
        "debug": "/nix/store/gaj4q67pid2pcy9nvh2ysv4728wxj5m4-git-2.53.0-debug",
        "doc": "/nix/store/9mrg9g0w2b4cfdppq3n4zvhkvyixvqpx-git-2.53.0-doc",
        "out": "/nix/store/0vbb6j0ppx1w8cw28h7w8s2dzla9j3m6-git-2.53.0"
      },
      "system": "aarch64-linux",
      "group": "toplevel",
      "priority": 5
    },
    {
      "attr_path": "git",
      "broken": false,
      "derivation": "/nix/store/j1qp6x7kjzps81gq0jmisyvvlgp0vr4p-git-2.53.0.drv",
      "description": "Distributed version control system",
      "install_id": "git",
      "license": "GPL-2.0",
      "locked_url": "https://github.com/flox/nixpkgs?rev=4c1018dae018162ec878d42fec712642d214fdfa",
      "name": "git-2.53.0",
      "pname": "git",
      "rev": "4c1018dae018162ec878d42fec712642d214fdfa",
      "rev_count": 977467,
      "rev_date": "2026-04-09T04:48:10Z",
      "scrape_date": "2026-04-11T07:05:09.296226Z",
      "stabilities": [
        "unstable"
      ],
      "unfree": false,
      "version": "2.53.0",
      "outputs_to_install": [
        "out",
        "out"
      ],
      "outputs": {
        "doc": "/nix/store/yi2mi426la2x7rggv0a0ah11s2dangz4-git-2.53.0-doc",
        "out": "/nix/store/2q2hzaclp1rsj65h21lng7wa26vawhnq-git-2.53.0"
      },
      "system": "x86_64-darwin",
      "group": "toplevel",
      "priority": 5
    },
    {
      "attr_path": "git",
      "broken": false,
      "derivation": "/nix/store/j0h35cv7avh30rlzsy4a17a77mgdz9a0-git-2.53.0.drv",
      "description": "Distributed version control system",
      "install_id": "git",
      "license": "GPL-2.0",
      "locked_url": "https://github.com/flox/nixpkgs?rev=4c1018dae018162ec878d42fec712642d214fdfa",
      "name": "git-2.53.0",
      "pname": "git",
      "rev": "4c1018dae018162ec878d42fec712642d214fdfa",
      "rev_count": 977467,
      "rev_date": "2026-04-09T04:48:10Z",
      "scrape_date": "2026-04-11T07:39:14.493902Z",
      "stabilities": [
        "unstable"
      ],
      "unfree": false,
      "version": "2.53.0",
      "outputs_to_install": [
        "out",
        "out"
      ],
      "outputs": {
        "debug": "/nix/store/9xs1n97fsdbgnk8cxbdx3hqlz6fdaynb-git-2.53.0-debug",
        "doc": "/nix/store/rv7cz5lz1qmbdnh3zrpv0j0wa5ivaacq-git-2.53.0-doc",
        "out": "/nix/store/7yvcckar1lzhqnr0xx2n19nsdjd4qa4d-git-2.53.0"
      },
      "system": "x86_64-linux",
      "group": "toplevel",
      "priority": 5
    },
    {
      "attr_path": "hello",
      "broken": false,
      "derivation": "/nix/store/w0axphsdrbdjylhf1rp6wrh4xb7q8cf8-hello-2.12.3.drv",
      "description": "Program that produces a familiar, friendly greeting",
      "install_id": "hello",
      "license": "GPL-3.0-or-later",
      "locked_url": "https://github.com/flox/nixpkgs?rev=4c1018dae018162ec878d42fec712642d214fdfa",
      "name": "hello-2.12.3",
      "pname": "hello",
      "rev": "4c1018dae018162ec878d42fec712642d214fdfa",
      "rev_count": 977467,
      "rev_date": "2026-04-09T04:48:10Z",
      "scrape_date": "2026-04-11T06:03:48.536955Z",
      "stabilities": [
        "unstable"
      ],
      "unfree": false,
      "version": "2.12.3",
      "outputs_to_install": [
        "out"
      ],
      "outputs": {
        "out": "/nix/store/5cg54ha6i85582akxl6vpp5421lyr4pb-hello-2.12.3"
      },
      "system": "aarch64-darwin",
      "group": "toplevel",
      "priority": 5
    },
    {
      "attr_path": "hello",
      "broken": false,
      "derivation": "/nix/store/6cccmgw49dd50vgh6p0cz4g9ja772l6j-hello-2.12.3.drv",
      "description": "Program that produces a familiar, friendly greeting",
      "install_id": "hello",
      "license": "GPL-3.0-or-later",
      "locked_url": "https://github.com/flox/nixpkgs?rev=4c1018dae018162ec878d42fec712642d214fdfa",
      "name": "hello-2.12.3",
      "pname": "hello",
      "rev": "4c1018dae018162ec878d42fec712642d214fdfa",
      "rev_count": 977467,
      "rev_date": "2026-04-09T04:48:10Z",
      "scrape_date": "2026-04-11T06:35:18.964674Z",
      "stabilities": [
        "unstable"
      ],
      "unfree": false,
      "version": "2.12.3",
      "outputs_to_install": [
        "out"
      ],
      "outputs": {
        "out": "/nix/store/g383j16f2lxz4zzs967i9hjgvivy6q7h-hello-2.12.3"
      },
      "system": "aarch64-linux",
      "group": "toplevel",
      "priority": 5
    },
    {
      "attr_path": "hello",
      "broken": false,
      "derivation": "/nix/store/m0ccxjpn61yr7zngqra0ahg8aqarpvca-hello-2.12.3.drv",
      "description": "Program that produces a familiar, friendly greeting",
      "install_id": "hello",
      "license": "GPL-3.0-or-later",
      "locked_url": "https://github.com/flox/nixpkgs?rev=4c1018dae018162ec878d42fec712642d214fdfa",
      "name": "hello-2.12.3",
      "pname": "hello",
      "rev": "4c1018dae018162ec878d42fec712642d214fdfa",
      "rev_count": 977467,
      "rev_date": "2026-04-09T04:48:10Z",
      "scrape_date": "2026-04-11T07:05:23.533912Z",
      "stabilities": [
        "unstable"
      ],
      "unfree": false,
      "version": "2.12.3",
      "outputs_to_install": [
        "out"
      ],
      "outputs": {
        "out": "/nix/store/kqbjfx3hp125sg0fkv1141m4s02z9w0r-hello-2.12.3"
      },
      "system": "x86_64-darwin",
      "group": "toplevel",
      "priority": 5
    },
    {
      "attr_path": "hello",
      "broken": false,
      "derivation": "/nix/store/7mdg60drrnh0wq1j8hmmbhll47czm107-hello-2.12.3.drv",
      "description": "Program that produces a familiar, friendly greeting",
      "install_id": "hello",
      "license": "GPL-3.0-or-later",
      "locked_url": "https://github.com/flox/nixpkgs?rev=4c1018dae018162ec878d42fec712642d214fdfa",
      "name": "hello-2.12.3",
      "pname": "hello",
      "rev": "4c1018dae018162ec878d42fec712642d214fdfa",
      "rev_count": 977467,
      "rev_date": "2026-04-09T04:48:10Z",
      "scrape_date": "2026-04-11T07:39:32.614141Z",
      "stabilities": [
        "unstable"
      ],
      "unfree": false,
      "version": "2.12.3",
      "outputs_to_install": [
        "out"
      ],
      "outputs": {
        "out": "/nix/store/10s5j3mfdg22k1597x580qrhprnzcjwb-hello-2.12.3"
      },
      "system": "x86_64-linux",
      "group": "toplevel",
      "priority": 5
    },
    {
      "attr_path": "vim",
      "broken": false,
      "derivation": "/nix/store/rapdrxj5k858fdlhw079l5p22b22lvbn-vim-9.2.0106.drv",
      "description": "Most popular clone of the VI editor",
      "install_id": "vim",
      "license": "Vim",
      "locked_url": "https://github.com/flox/nixpkgs?rev=4c1018dae018162ec878d42fec712642d214fdfa",
      "name": "vim-9.2.0106",
      "pname": "vim",
      "rev": "4c1018dae018162ec878d42fec712642d214fdfa",
      "rev_count": 977467,
      "rev_date": "2026-04-09T04:48:10Z",
      "scrape_date": "2026-04-11T06:06:09.102787Z",
      "stabilities": [
        "unstable"
      ],
      "unfree": false,
      "version": "9.2.0106",
      "outputs_to_install": [
        "out",
        "xxd"
      ],
      "outputs": {
        "out": "/nix/store/b4vvmwc9ybxcysm7n2a7nilqbiwdxr9l-vim-9.2.0106",
        "xxd": "/nix/store/1vzl1zpw9lbm4x850jnkpsxamlnx6pdy-vim-9.2.0106-xxd"
      },
      "system": "aarch64-darwin",
      "group": "toplevel",
      "priority": 5
    },
    {
      "attr_path": "vim",
      "broken": false,
      "derivation": "/nix/store/g9lz3scgqa0cvlwz2y5qqny0rpqmkrwh-vim-9.2.0106.drv",
      "description": "Most popular clone of the VI editor",
      "install_id": "vim",
      "license": "Vim",
      "locked_url": "https://github.com/flox/nixpkgs?rev=4c1018dae018162ec878d42fec712642d214fdfa",
      "name": "vim-9.2.0106",
      "pname": "vim",
      "rev": "4c1018dae018162ec878d42fec712642d214fdfa",
      "rev_count": 977467,
      "rev_date": "2026-04-09T04:48:10Z",
      "scrape_date": "2026-04-11T06:38:17.041752Z",
      "stabilities": [
        "unstable"
      ],
      "unfree": false,
      "version": "9.2.0106",
      "outputs_to_install": [
        "out",
        "xxd"
      ],
      "outputs": {
        "out": "/nix/store/wy2jnh5spjc4ar1gdykja5pq9jd6g68h-vim-9.2.0106",
        "xxd": "/nix/store/98havfnv3119phss5j57r30jcfg94jig-vim-9.2.0106-xxd"
      },
      "system": "aarch64-linux",
      "group": "toplevel",
      "priority": 5
    },
    {
      "attr_path": "vim",
      "broken": false,
      "derivation": "/nix/store/ggwvcyd3inf1dvvcffw82hlqrnw3bhpc-vim-9.2.0106.drv",
      "description": "Most popular clone of the VI editor",
      "install_id": "vim",
      "license": "Vim",
      "locked_url": "https://github.com/flox/nixpkgs?rev=4c1018dae018162ec878d42fec712642d214fdfa",
      "name": "vim-9.2.0106",
      "pname": "vim",
      "rev": "4c1018dae018162ec878d42fec712642d214fdfa",
      "rev_count": 977467,
      "rev_date": "2026-04-09T04:48:10Z",
      "scrape_date": "2026-04-11T07:07:38.447191Z",
      "stabilities": [
        "unstable"
      ],
      "unfree": false,
      "version": "9.2.0106",
      "outputs_to_install": [
        "out",
        "xxd"
      ],
      "outputs": {
        "out": "/nix/store/s2y4980f14hy46jy35grr49zi0009wnl-vim-9.2.0106",
        "xxd": "/nix/store/zr6c70rw1v6k84pck9c30f0nla02yh22-vim-9.2.0106-xxd"
      },
      "system": "x86_64-darwin",
      "group": "toplevel",
      "priority": 5
    },
    {
      "attr_path": "vim",
      "broken": false,
      "derivation": "/nix/store/f98s2zz295za02hy3bmvka0263qjywxh-vim-9.2.0106.drv",
      "description": "Most popular clone of the VI editor",
      "install_id": "vim",
      "license": "Vim",
      "locked_url": "https://github.com/flox/nixpkgs?rev=4c1018dae018162ec878d42fec712642d214fdfa",
      "name": "vim-9.2.0106",
      "pname": "vim",
      "rev": "4c1018dae018162ec878d42fec712642d214fdfa",
      "rev_count": 977467,
      "rev_date": "2026-04-09T04:48:10Z",
      "scrape_date": "2026-04-11T07:42:42.258254Z",
      "stabilities": [
        "unstable"
      ],
      "unfree": false,
      "version": "9.2.0106",
      "outputs_to_install": [
        "out",
        "xxd"
      ],
      "outputs": {
        "out": "/nix/store/flz28px2b6cbgw2qm1hv6qsxbdlx6jd3-vim-9.2.0106",
        "xxd": "/nix/store/a3hzanpwgvngxr1spiz9fx3rw4lpq03j-vim-9.2.0106-xxd"
      },
      "system": "x86_64-linux",
      "group": "toplevel",
      "priority": 5
    }
  ]
}
