{
  "lockfile-version": 1,
  "manifest": {
    "schema-version": "1.11.0",
    "install": {
      "claude-code": {
        "pkg-path": "flox/claude-code",
        "pkg-group": "claude-code"
      },
      "hello": {
        "pkg-path": "hello"
      },
      "vim": {
        "pkg-path": "vim"
      }
    },
    "hook": {},
    "profile": {},
    "options": {}
  },
  "packages": [
    {
      "attr_path": "claude-code",
      "broken": false,
      "derivation": "/nix/store/2linjb2fnlza6k0ncri3f6cx18qvbwha-claude-code-2.1.150.drv",
      "description": "Agentic coding tool from Anthropic",
      "install_id": "claude-code",
      "license": "Unfree",
      "locked_url": "https://github.com/flox/floxenvs?rev=309753570cc53c52fce43e5c24168e4f19a80db9",
      "name": "claude-code-2.1.150",
      "pname": "claude-code",
      "rev": "309753570cc53c52fce43e5c24168e4f19a80db9",
      "rev_count": 4044,
      "rev_date": "2026-05-23T07:24:08Z",
      "scrape_date": "2026-05-24T20:34:10.044889637Z",
      "stabilities": [
        "unstable",
        "staging"
      ],
      "unfree": true,
      "version": "2.1.150",
      "outputs_to_install": [
        "out"
      ],
      "outputs": {
        "out": "/nix/store/s232fw4v5p54sn7srzl0m02l017vzk9p-claude-code-2.1.150"
      },
      "system": "aarch64-darwin",
      "group": "claude-code",
      "priority": 5
    },
    {
      "attr_path": "claude-code",
      "broken": false,
      "derivation": "/nix/store/ydw6nh7s1zlwafgbpckwngl16gkzzffm-claude-code-2.1.150.drv",
      "description": "Agentic coding tool from Anthropic",
      "install_id": "claude-code",
      "license": "Unfree",
      "locked_url": "https://github.com/flox/floxenvs?rev=309753570cc53c52fce43e5c24168e4f19a80db9",
      "name": "claude-code-2.1.150",
      "pname": "claude-code",
      "rev": "309753570cc53c52fce43e5c24168e4f19a80db9",
      "rev_count": 4044,
      "rev_date": "2026-05-23T07:24:08Z",
      "scrape_date": "2026-05-24T20:34:10.044898304Z",
      "stabilities": [
        "unstable",
        "staging"
      ],
      "unfree": true,
      "version": "2.1.150",
      "outputs_to_install": [
        "out"
      ],
      "outputs": {
        "out": "/nix/store/w7kwhvpb2iins7z9wzdw07k5pjimm3fh-claude-code-2.1.150"
      },
      "system": "aarch64-linux",
      "group": "claude-code",
      "priority": 5
    },
    {
      "attr_path": "claude-code",
      "broken": false,
      "derivation": "/nix/store/s0liyyrjc0zykiv2fcx333m2a6v90gfa-claude-code-2.1.150.drv",
      "description": "Agentic coding tool from Anthropic",
      "install_id": "claude-code",
      "license": "Unfree",
      "locked_url": "https://github.com/flox/floxenvs?rev=309753570cc53c52fce43e5c24168e4f19a80db9",
      "name": "claude-code-2.1.150",
      "pname": "claude-code",
      "rev": "309753570cc53c52fce43e5c24168e4f19a80db9",
      "rev_count": 4044,
      "rev_date": "2026-05-23T07:24:08Z",
      "scrape_date": "2026-05-24T20:34:10.044899679Z",
      "stabilities": [
        "unstable",
        "staging"
      ],
      "unfree": true,
      "version": "2.1.150",
      "outputs_to_install": [
        "out"
      ],
      "outputs": {
        "out": "/nix/store/1hngdfwwacik96648kp9bshlkg3gmd0w-claude-code-2.1.150"
      },
      "system": "x86_64-darwin",
      "group": "claude-code",
      "priority": 5
    },
    {
      "attr_path": "claude-code",
      "broken": false,
      "derivation": "/nix/store/p5ifr6w2kdvpl27n3dl6phqngz5m5zkn-claude-code-2.1.150.drv",
      "description": "Agentic coding tool from Anthropic",
      "install_id": "claude-code",
      "license": "Unfree",
      "locked_url": "https://github.com/flox/floxenvs?rev=309753570cc53c52fce43e5c24168e4f19a80db9",
      "name": "claude-code-2.1.150",
      "pname": "claude-code",
      "rev": "309753570cc53c52fce43e5c24168e4f19a80db9",
      "rev_count": 4044,
      "rev_date": "2026-05-23T07:24:08Z",
      "scrape_date": "2026-05-24T20:34:10.044900887Z",
      "stabilities": [
        "unstable",
        "staging"
      ],
      "unfree": true,
      "version": "2.1.150",
      "outputs_to_install": [
        "out"
      ],
      "outputs": {
        "out": "/nix/store/1zibdimvajsmqcj1zrvsi4hmv6v1gz0n-claude-code-2.1.150"
      },
      "system": "x86_64-linux",
      "group": "claude-code",
      "priority": 5
    },
    {
      "attr_path": "hello",
      "broken": false,
      "derivation": "/nix/store/9rywns09f2bwgnhi868lbqbnsbw12a08-hello-2.12.3.drv",
      "description": "Program that produces a familiar, friendly greeting",
      "install_id": "hello",
      "license": "GPL-3.0-or-later",
      "locked_url": "https://github.com/flox/nixpkgs?rev=29916453413845e54a65b8a1cf996842300cd299",
      "name": "hello-2.12.3",
      "pname": "hello",
      "rev": "29916453413845e54a65b8a1cf996842300cd299",
      "rev_count": 1003640,
      "rev_date": "2026-05-23T03:54:30Z",
      "scrape_date": "2026-05-24T07:06:06.221235Z",
      "stabilities": [
        "unstable"
      ],
      "unfree": false,
      "version": "2.12.3",
      "outputs_to_install": [
        "out"
      ],
      "outputs": {
        "out": "/nix/store/0wgbcxqvngwz6irw1b5sscw8j7g3zi91-hello-2.12.3"
      },
      "system": "aarch64-darwin",
      "group": "toplevel",
      "priority": 5
    },
    {
      "attr_path": "hello",
      "broken": false,
      "derivation": "/nix/store/knyfqg86s693y2rwf5v8gkw71yqlivnx-hello-2.12.3.drv",
      "description": "Program that produces a familiar, friendly greeting",
      "install_id": "hello",
      "license": "GPL-3.0-or-later",
      "locked_url": "https://github.com/flox/nixpkgs?rev=29916453413845e54a65b8a1cf996842300cd299",
      "name": "hello-2.12.3",
      "pname": "hello",
      "rev": "29916453413845e54a65b8a1cf996842300cd299",
      "rev_count": 1003640,
      "rev_date": "2026-05-23T03:54:30Z",
      "scrape_date": "2026-05-24T07:34:23.944044Z",
      "stabilities": [
        "unstable"
      ],
      "unfree": false,
      "version": "2.12.3",
      "outputs_to_install": [
        "out"
      ],
      "outputs": {
        "out": "/nix/store/18mrc8i5l3r5xnxrv091x25nsnwa1xzp-hello-2.12.3"
      },
      "system": "aarch64-linux",
      "group": "toplevel",
      "priority": 5
    },
    {
      "attr_path": "hello",
      "broken": false,
      "derivation": "/nix/store/r5i8ql35wzjqynsj5k3n9j0154wq4ilc-hello-2.12.3.drv",
      "description": "Program that produces a familiar, friendly greeting",
      "install_id": "hello",
      "license": "GPL-3.0-or-later",
      "locked_url": "https://github.com/flox/nixpkgs?rev=29916453413845e54a65b8a1cf996842300cd299",
      "name": "hello-2.12.3",
      "pname": "hello",
      "rev": "29916453413845e54a65b8a1cf996842300cd299",
      "rev_count": 1003640,
      "rev_date": "2026-05-23T03:54:30Z",
      "scrape_date": "2026-05-24T08:01:48.152749Z",
      "stabilities": [
        "unstable"
      ],
      "unfree": false,
      "version": "2.12.3",
      "outputs_to_install": [
        "out"
      ],
      "outputs": {
        "out": "/nix/store/6v52x1r07c0s0l69177dbz9dvzx0yqzc-hello-2.12.3"
      },
      "system": "x86_64-darwin",
      "group": "toplevel",
      "priority": 5
    },
    {
      "attr_path": "hello",
      "broken": false,
      "derivation": "/nix/store/67mdzby3g0maqqp93xj03rc99nnrpdp9-hello-2.12.3.drv",
      "description": "Program that produces a familiar, friendly greeting",
      "install_id": "hello",
      "license": "GPL-3.0-or-later",
      "locked_url": "https://github.com/flox/nixpkgs?rev=29916453413845e54a65b8a1cf996842300cd299",
      "name": "hello-2.12.3",
      "pname": "hello",
      "rev": "29916453413845e54a65b8a1cf996842300cd299",
      "rev_count": 1003640,
      "rev_date": "2026-05-23T03:54:30Z",
      "scrape_date": "2026-05-24T08:32:15.989195Z",
      "stabilities": [
        "unstable"
      ],
      "unfree": false,
      "version": "2.12.3",
      "outputs_to_install": [
        "out"
      ],
      "outputs": {
        "out": "/nix/store/zi2bj2hlavv8q743li2s9diqbcpmrf9b-hello-2.12.3"
      },
      "system": "x86_64-linux",
      "group": "toplevel",
      "priority": 5
    },
    {
      "attr_path": "vim",
      "broken": false,
      "derivation": "/nix/store/975krqrzlh0c5v2z35fqsiywpmcshk6b-vim-9.2.0389.drv",
      "description": "Most popular clone of the VI editor",
      "install_id": "vim",
      "license": "Vim",
      "locked_url": "https://github.com/flox/nixpkgs?rev=29916453413845e54a65b8a1cf996842300cd299",
      "name": "vim-9.2.0389",
      "pname": "vim",
      "rev": "29916453413845e54a65b8a1cf996842300cd299",
      "rev_count": 1003640,
      "rev_date": "2026-05-23T03:54:30Z",
      "scrape_date": "2026-05-24T07:08:23.938756Z",
      "stabilities": [
        "unstable"
      ],
      "unfree": false,
      "version": "9.2.0389",
      "outputs_to_install": [
        "out",
        "xxd"
      ],
      "outputs": {
        "out": "/nix/store/6vbkykg92w603c0sw3mkk7p7mfaawbns-vim-9.2.0389",
        "xxd": "/nix/store/9iv8rc5y9i1xb59630q4vd9091imvrm3-vim-9.2.0389-xxd"
      },
      "system": "aarch64-darwin",
      "group": "toplevel",
      "priority": 5
    },
    {
      "attr_path": "vim",
      "broken": false,
      "derivation": "/nix/store/424qxmwsvk79z88qiz7yc2q9yvfs8zpn-vim-9.2.0389.drv",
      "description": "Most popular clone of the VI editor",
      "install_id": "vim",
      "license": "Vim",
      "locked_url": "https://github.com/flox/nixpkgs?rev=29916453413845e54a65b8a1cf996842300cd299",
      "name": "vim-9.2.0389",
      "pname": "vim",
      "rev": "29916453413845e54a65b8a1cf996842300cd299",
      "rev_count": 1003640,
      "rev_date": "2026-05-23T03:54:30Z",
      "scrape_date": "2026-05-24T07:37:37.632346Z",
      "stabilities": [
        "unstable"
      ],
      "unfree": false,
      "version": "9.2.0389",
      "outputs_to_install": [
        "out",
        "xxd"
      ],
      "outputs": {
        "out": "/nix/store/v8c7pvx26irvy9k5sbwd183cyvckzzb3-vim-9.2.0389",
        "xxd": "/nix/store/ylzgwhwcdpk88zgfxxqqcq9k15j8ii2p-vim-9.2.0389-xxd"
      },
      "system": "aarch64-linux",
      "group": "toplevel",
      "priority": 5
    },
    {
      "attr_path": "vim",
      "broken": false,
      "derivation": "/nix/store/w44yjw91aj4gxif7iz1zjcqbld6h28dw-vim-9.2.0389.drv",
      "description": "Most popular clone of the VI editor",
      "install_id": "vim",
      "license": "Vim",
      "locked_url": "https://github.com/flox/nixpkgs?rev=29916453413845e54a65b8a1cf996842300cd299",
      "name": "vim-9.2.0389",
      "pname": "vim",
      "rev": "29916453413845e54a65b8a1cf996842300cd299",
      "rev_count": 1003640,
      "rev_date": "2026-05-23T03:54:30Z",
      "scrape_date": "2026-05-24T08:04:06.545969Z",
      "stabilities": [
        "unstable"
      ],
      "unfree": false,
      "version": "9.2.0389",
      "outputs_to_install": [
        "out",
        "xxd"
      ],
      "outputs": {
        "out": "/nix/store/s8z8fl451bwm9l3fclyswk340nfjpnsd-vim-9.2.0389",
        "xxd": "/nix/store/wbadf0b67q8srdvs1br31z1xflcwv1ln-vim-9.2.0389-xxd"
      },
      "system": "x86_64-darwin",
      "group": "toplevel",
      "priority": 5
    },
    {
      "attr_path": "vim",
      "broken": false,
      "derivation": "/nix/store/igdbadzvw6s1arj8yvnbzwahphhky3aj-vim-9.2.0389.drv",
      "description": "Most popular clone of the VI editor",
      "install_id": "vim",
      "license": "Vim",
      "locked_url": "https://github.com/flox/nixpkgs?rev=29916453413845e54a65b8a1cf996842300cd299",
      "name": "vim-9.2.0389",
      "pname": "vim",
      "rev": "29916453413845e54a65b8a1cf996842300cd299",
      "rev_count": 1003640,
      "rev_date": "2026-05-23T03:54:30Z",
      "scrape_date": "2026-05-24T08:35:24.073514Z",
      "stabilities": [
        "unstable"
      ],
      "unfree": false,
      "version": "9.2.0389",
      "outputs_to_install": [
        "out",
        "xxd"
      ],
      "outputs": {
        "out": "/nix/store/hvyqx52g4g2fxhgpans3fksjj6lmlyaw-vim-9.2.0389",
        "xxd": "/nix/store/3sj58myrhxqip9kyvci9pm7836mbnhrh-vim-9.2.0389-xxd"
      },
      "system": "x86_64-linux",
      "group": "toplevel",
      "priority": 5
    }
  ]
}
