{
  "lockfile-version": 1,
  "manifest": {
    "schema-version": "1.11.0",
    "install": {
      "devcontainer": {
        "pkg-path": "devcontainer"
      }
    },
    "hook": {
      "on-activate": ""
    },
    "profile": {
      "common": "# symlink the shared .devcontainer into the current directory\nalias devc='ln -s ~/workspaces/devcontainers/example/.devcontainer .devcontainer'\nalias devc-cp='cp -R ~/workspaces/devcontainers/example/.devcontainer .'\n",
      "zsh": "if [[ \"$(uname -s)\" == \"Darwin\" ]]; then\n  chpwd() {\n    if [ -d \".devcontainer\" ] && [ -z \"$INSIDE_DEVCONTAINER\" ]; then\n     echo \"🐳 Starting devcontainer and connecting...\"\n     devcontainer up --workspace-folder . && \\\n     INSIDE_DEVCONTAINER=1 devcontainer exec --workspace-folder . bash\n   fi\n  }\nfi\n"
    },
    "options": {
      "systems": [
        "aarch64-darwin"
      ],
      "cuda-detection": false
    }
  },
  "packages": [
    {
      "attr_path": "devcontainer",
      "broken": false,
      "derivation": "/nix/store/7wpz3a4lf7nxadv5h3bn7x5zccn20hwp-devcontainer-0.87.0.drv",
      "description": "Dev container CLI, run and manage your dev environments via a devcontainer.json",
      "install_id": "devcontainer",
      "license": "MIT",
      "locked_url": "https://github.com/flox/nixpkgs?rev=56c02bc00adcf003215cc4bd996d6efaf4cff188",
      "name": "devcontainer-0.87.0",
      "pname": "devcontainer",
      "rev": "56c02bc00adcf003215cc4bd996d6efaf4cff188",
      "rev_count": 1060451,
      "rev_date": "2026-08-23T15:22:48Z",
      "scrape_date": "2026-08-25T04:56:37.075416Z",
      "stabilities": [
        "unstable"
      ],
      "unfree": false,
      "version": "0.87.0",
      "outputs_to_install": [
        "out"
      ],
      "outputs": {
        "out": "/nix/store/12gb5rijpxpkxfisx4d6qyvii8cd1ibw-devcontainer-0.87.0"
      },
      "system": "aarch64-darwin",
      "group": "toplevel",
      "priority": 5
    }
  ]
}
